
Microsoft Visual Studio Solution File, Format Version 12.00
# Visual Studio 14
VisualStudioVersion = 14.0.23107.0
MinimumVisualStudioVersion = 10.0.40219.1
Project("{2150E333-8FDC-42A3-9474-1A3956D46DE8}") = "Infrastructure", "Infrastructure", "{44CF23E7-D57D-4B7C-8086-1DA3F82D0ADC}"
EndProject
Project("{2150E333-8FDC-42A3-9474-1A3956D46DE8}") = "Application", "Application", "{BFC9340E-1647-4E18-98E2-EFF3EA3E983F}"
EndProject
Project("{2150E333-8FDC-42A3-9474-1A3956D46DE8}") = "Domain", "Domain", "{4A13687F-6CAB-4973-865A-15A94AFFF878}"
EndProject
Project("{2150E333-8FDC-42A3-9474-1A3956D46DE8}") = "Presentation", "Presentation", "{2A296BCB-28B6-42EC-BA9F-A008A064DBE5}"
EndProject
Project("{2150E333-8FDC-42A3-9474-1A3956D46DE8}") = "Website", "Website", "{87548CDA-E8B8-47C5-917B-637994026332}"
EndProject
Project("{2150E333-8FDC-42A3-9474-1A3956D46DE8}") = "Admin", "Admin", "{0FFFF3C0-B468-4D53-95C9-C8AB77219B27}"
EndProject
Project("{2150E333-8FDC-42A3-9474-1A3956D46DE8}") = "Service", "Service", "{CA4DAEEE-797A-46FA-8B62-DE678FC0160D}"
EndProject
Project("{2150E333-8FDC-42A3-9474-1A3956D46DE8}") = "Repository", "Repository", "{1B121B9D-3035-4851-AB6D-70E96FCFA5A7}"
EndProject
Project("{2150E333-8FDC-42A3-9474-1A3956D46DE8}") = "Distributed", "Distributed", "{0B1D26F2-0DC1-4D35-8996-D8C2CA55CE2F}"
EndProject
Project("{2150E333-8FDC-42A3-9474-1A3956D46DE8}") = "Mobile", "Mobile", "{3C8A65E1-CD34-489C-B7AC-0592DCE74A90}"
EndProject
Project("{FAE04EC0-301F-11D3-BF4B-00C04F79EFBC}") = "Component", "Infrastructure\Component\Component.csproj", "{1A1BD7ED-0CD2-46B7-B135-88A54FCA33C6}"
EndProject
Project("{FAE04EC0-301F-11D3-BF4B-00C04F79EFBC}") = "Configuration", "Infrastructure\Configuration\Configuration.csproj", "{EB334C7B-6CF1-4ED8-ABFB-A41D46566F8A}"
EndProject
Project("{FAE04EC0-301F-11D3-BF4B-00C04F79EFBC}") = "Dependent", "Infrastructure\Dependent\Dependent.csproj", "{33BC44CB-2427-42E2-A9DA-D57D80519760}"
EndProject
Project("{FAE04EC0-301F-11D3-BF4B-00C04F79EFBC}") = "Resource", "Infrastructure\Resource\Resource.csproj", "{B989C9E9-64D4-42C5-A2EA-C8347A1BA723}"
EndProject
Project("{FAE04EC0-301F-11D3-BF4B-00C04F79EFBC}") = "Winner", "Infrastructure\Winner\Winner.csproj", "{462D6461-F2A0-4058-96E3-64677A31B1E8}"
EndProject
Project("{FAE04EC0-301F-11D3-BF4B-00C04F79EFBC}") = "Beeant.Domain.Entities", "Domain\Beeant.Domain.Entities\Beeant.Domain.Entities.csproj", "{C7ED9DE4-7073-4DCF-9513-D9EA6E86E537}"
EndProject
Project("{FAE04EC0-301F-11D3-BF4B-00C04F79EFBC}") = "Beeant.Domain.Services", "Domain\Beeant.Domain.Services\Beeant.Domain.Services.csproj", "{5C59D27E-2F1E-4AA9-88BC-789ABF93281D}"
EndProject
Project("{FAE04EC0-301F-11D3-BF4B-00C04F79EFBC}") = "Beeant.Application.Services", "Application\Beeant.Application.Services\Beeant.Application.Services.csproj", "{150B2973-7C54-4E2E-9B1F-29B98789E886}"
EndProject
Project("{FAE04EC0-301F-11D3-BF4B-00C04F79EFBC}") = "Beeant.Repository.Services", "Repository\Beeant.Repository.Services\Beeant.Repository.Services.csproj", "{D876EE31-D4E2-4A84-BB70-C30CD79DE8D9}"
EndProject
Project("{FAE04EC0-301F-11D3-BF4B-00C04F79EFBC}") = "Beeant.Presentation.Admin.Configurator", "Presentation\Admin\Beeant.Presentation.Admin.Configurator\Beeant.Presentation.Admin.Configurator.csproj", "{BFDBEC15-26C5-4C8E-999A-36C7FF694159}"
EndProject
Project("{FAE04EC0-301F-11D3-BF4B-00C04F79EFBC}") = "Beeant.Presentation.Admin.Erp", "Presentation\Admin\Beeant.Presentation.Admin.Erp\Beeant.Presentation.Admin.Erp.csproj", "{6CA13ACB-9FF5-4068-85F3-A89314CA309B}"
EndProject
Project("{FAE04EC0-301F-11D3-BF4B-00C04F79EFBC}") = "Beeant.Domain.Reports", "Domain\Beeant.Domain.Reports\Beeant.Domain.Reports.csproj", "{95E357C6-CF73-4883-8784-7AEA5E364527}"
EndProject
Project("{FAE04EC0-301F-11D3-BF4B-00C04F79EFBC}") = "Beeant.Presentation.Admin.Report", "Presentation\Admin\Beeant.Presentation.Admin.Report\Beeant.Presentation.Admin.Report.csproj", "{AC43A85A-DD9D-47B1-AECD-13D1931018AC}"
EndProject
Project("{FAE04EC0-301F-11D3-BF4B-00C04F79EFBC}") = "Beeant.Presentation.Admin.Editor", "Presentation\Admin\Beeant.Presentation.Admin.Editor\Beeant.Presentation.Admin.Editor.csproj", "{C3671533-AFD5-4D2F-B734-B4D9EAE7FD88}"
EndProject
Project("{FAE04EC0-301F-11D3-BF4B-00C04F79EFBC}") = "Beeant.Presentation.Admin.Scm", "Presentation\Admin\Beeant.Presentation.Admin.Scm\Beeant.Presentation.Admin.Scm.csproj", "{3B5DE80D-D71A-4503-8BF1-F3853035B894}"
EndProject
Project("{FAE04EC0-301F-11D3-BF4B-00C04F79EFBC}") = "Beeant.Presentation.Admin.Cms", "Presentation\Admin\Beeant.Presentation.Admin.Cms\Beeant.Presentation.Admin.Cms.csproj", "{37CDE48A-63F0-471C-8324-B663DE64BA02}"
EndProject
Project("{FAE04EC0-301F-11D3-BF4B-00C04F79EFBC}") = "Beeant.Presentation.Admin.Finance", "Presentation\Admin\Beeant.Presentation.Admin.Finance\Beeant.Presentation.Admin.Finance.csproj", "{A745C38A-8BCA-4CD3-A616-794762A37973}"
EndProject
Project("{FAE04EC0-301F-11D3-BF4B-00C04F79EFBC}") = "Beeant.Presentation.Admin.Wms", "Presentation\Admin\Beeant.Presentation.Admin.Wms\Beeant.Presentation.Admin.Wms.csproj", "{55E86BF9-5DE3-4664-9C29-20DD2AA9A243}"
EndProject
Project("{FAE04EC0-301F-11D3-BF4B-00C04F79EFBC}") = "Beeant.Presentation.Admin.Gis", "Presentation\Admin\Beeant.Presentation.Admin.Gis\Beeant.Presentation.Admin.Gis.csproj", "{AEC4E11B-F0A9-4387-82AB-54B7EBAFF95C}"
EndProject
Project("{FAE04EC0-301F-11D3-BF4B-00C04F79EFBC}") = "Beeant.Presentation.Mobile.Postcard", "Presentation\Mobile\Beeant.Presentation.Mobile.Postcard\Beeant.Presentation.Mobile.Postcard.csproj", "{B175D169-8F44-44D2-82DE-10AFC8C2A97D}"
EndProject
Project("{2150E333-8FDC-42A3-9474-1A3956D46DE8}") = "Basic", "Basic", "{57EB8C3F-666A-429F-A351-23A6BEAD290D}"
EndProject
Project("{2150E333-8FDC-42A3-9474-1A3956D46DE8}") = "Inside", "Inside", "{D846514C-31A9-44AD-83DC-D396157C4F1A}"
EndProject
Project("{2150E333-8FDC-42A3-9474-1A3956D46DE8}") = "Outside", "Outside", "{7F793E6F-3969-4F4D-87E6-B71A6E9BFBA7}"
EndProject
Project("{2150E333-8FDC-42A3-9474-1A3956D46DE8}") = "Client", "Client", "{6FCC2F72-C70A-4A00-9B21-7D9889A720F9}"
EndProject
Project("{FAE04EC0-301F-11D3-BF4B-00C04F79EFBC}") = "Beeant.Basic.Services", "Basic\Beeant.Basic.Services\Beeant.Basic.Services.csproj", "{E061610E-4903-473A-9D3E-D8E41A43A407}"
EndProject
Project("{FAE04EC0-301F-11D3-BF4B-00C04F79EFBC}") = "Beeant.Distributed.Inside.Api", "Distributed\Inside\Beeant.Distributed.Inside.Api\Beeant.Distributed.Inside.Api.csproj", "{FE74356F-3414-4297-830A-4EBF3DB3039C}"
EndProject
Project("{FAE04EC0-301F-11D3-BF4B-00C04F79EFBC}") = "Beeant.Distributed.Outside.Api", "Distributed\Outside\Beeant.Distributed.Outside.Api\Beeant.Distributed.Outside.Api.csproj", "{E8DBBE12-B653-420F-B4B8-4D3F09CC4976}"
EndProject
Project("{FAE04EC0-301F-11D3-BF4B-00C04F79EFBC}") = "Beeant.Distributed.Outside.Image", "Distributed\Outside\Beeant.Distributed.Outside.Image\Beeant.Distributed.Outside.Image.csproj", "{1B8BCADF-0477-46C3-AC8C-69FD8F6AD2B3}"
EndProject
Project("{FAE04EC0-301F-11D3-BF4B-00C04F79EFBC}") = "Beeant.Presentation.Client.Publisher", "Presentation\Client\Beeant.Presentation.Client.Publisher\Beeant.Presentation.Client.Publisher.csproj", "{CAF249DF-B4DC-4684-AFB7-1FBBF37E4540}"
EndProject
Project("{FAE04EC0-301F-11D3-BF4B-00C04F79EFBC}") = "Beeant.Presentation.Website.Buy", "Presentation\Website\Beeant.Presentation.Website.Buy\Beeant.Presentation.Website.Buy.csproj", "{5B8F9226-9A8F-44C1-9EC1-E78FB18214A2}"
EndProject
Project("{FAE04EC0-301F-11D3-BF4B-00C04F79EFBC}") = "Beeant.Presentation.Website.Shared", "Presentation\Website\Beeant.Presentation.Website.Shared\Beeant.Presentation.Website.Shared.csproj", "{8A8DDF8D-D816-40B2-936B-3C525C6E1641}"
EndProject
Project("{FAE04EC0-301F-11D3-BF4B-00C04F79EFBC}") = "Beeant.Presentation.Website.Search", "Presentation\Website\Beeant.Presentation.Website.Search\Beeant.Presentation.Website.Search.csproj", "{2CFE8153-22F8-4471-96F4-D392363AEC3D}"
EndProject
Project("{FAE04EC0-301F-11D3-BF4B-00C04F79EFBC}") = "Beeant.Presentation.Website.Register", "Presentation\Website\Beeant.Presentation.Website.Register\Beeant.Presentation.Website.Register.csproj", "{DA603F59-D44E-4602-9C75-1219BBB2F8EA}"
EndProject
Project("{FAE04EC0-301F-11D3-BF4B-00C04F79EFBC}") = "Beeant.Presentation.Website.Password", "Presentation\Website\Beeant.Presentation.Website.Password\Beeant.Presentation.Website.Password.csproj", "{FAE91540-A3F7-4EB1-8353-2298FC0BE40B}"
EndProject
Project("{FAE04EC0-301F-11D3-BF4B-00C04F79EFBC}") = "Beeant.Presentation.Website.Login", "Presentation\Website\Beeant.Presentation.Website.Login\Beeant.Presentation.Website.Login.csproj", "{E4365200-AD34-40B9-BF7D-EE1B078B8908}"
EndProject
Project("{FAE04EC0-301F-11D3-BF4B-00C04F79EFBC}") = "Beeant.Presentation.Admin.Home", "Presentation\Admin\Beeant.Presentation.Admin.Home\Beeant.Presentation.Admin.Home.csproj", "{3FD64194-6669-478A-B221-6CC19140BA48}"
EndProject
Project("{FAE04EC0-301F-11D3-BF4B-00C04F79EFBC}") = "Beeant.Distributed.Service.Task", "Distributed\Service\Beeant.Distributed.Service.Task\Beeant.Distributed.Service.Task.csproj", "{733BCD51-ED07-47A7-8F52-598ADFB042A4}"
EndProject
Project("{FAE04EC0-301F-11D3-BF4B-00C04F79EFBC}") = "Beeant.Distributed.Service.Host", "Distributed\Service\Beeant.Distributed.Service.Host\Beeant.Distributed.Service.Host.csproj", "{42647CA7-D29E-407A-811D-865270267C0B}"
EndProject
Project("{FAE04EC0-301F-11D3-BF4B-00C04F79EFBC}") = "Beeant.Presentation.Mobile.Home", "Presentation\Mobile\Beeant.Presentation.Mobile.Home\Beeant.Presentation.Mobile.Home.csproj", "{63496134-0CB5-4E79-BE93-056F9BE7E6F6}"
EndProject
Project("{FAE04EC0-301F-11D3-BF4B-00C04F79EFBC}") = "Beeant.Presentation.Mobile.Shared", "Presentation\Mobile\Beeant.Presentation.Mobile.Shared\Beeant.Presentation.Mobile.Shared.csproj", "{053DC639-9E39-48C8-AB3C-9E98708918E5}"
EndProject
Project("{FAE04EC0-301F-11D3-BF4B-00C04F79EFBC}") = "Beeant.Presentation.Mobile.Detail", "Presentation\Mobile\Beeant.Presentation.Mobile.Detail\Beeant.Presentation.Mobile.Detail.csproj", "{EFAFDF56-3219-41AF-B901-604C0782B8D0}"
EndProject
Project("{FAE04EC0-301F-11D3-BF4B-00C04F79EFBC}") = "Beeant.Presentation.Mobile.Cart", "Presentation\Mobile\Beeant.Presentation.Mobile.Cart\Beeant.Presentation.Mobile.Cart.csproj", "{DDCF5692-3FD6-4D66-B9AE-5D7E30592DFF}"
EndProject
Project("{FAE04EC0-301F-11D3-BF4B-00C04F79EFBC}") = "Beeant.Presentation.Mobile.Login", "Presentation\Mobile\Beeant.Presentation.Mobile.Login\Beeant.Presentation.Mobile.Login.csproj", "{A32498F5-8441-4816-BBD8-78A7D62E23BF}"
EndProject
Project("{FAE04EC0-301F-11D3-BF4B-00C04F79EFBC}") = "Beeant.Presentation.Mobile.Register", "Presentation\Mobile\Beeant.Presentation.Mobile.Register\Beeant.Presentation.Mobile.Register.csproj", "{5021D44E-EDBD-450D-8A80-2D720DE2BFC3}"
EndProject
Project("{FAE04EC0-301F-11D3-BF4B-00C04F79EFBC}") = "Beeant.Presentation.Mobile.Password", "Presentation\Mobile\Beeant.Presentation.Mobile.Password\Beeant.Presentation.Mobile.Password.csproj", "{B833F5C5-A442-4F51-B626-01F8D3AB1FC2}"
EndProject
Project("{FAE04EC0-301F-11D3-BF4B-00C04F79EFBC}") = "Beeant.Application.Dtos", "Application\Beeant.Application.Dtos\Beeant.Application.Dtos.csproj", "{B6C7EE5C-B100-4718-9AEE-C06DE5275D08}"
EndProject
Project("{FAE04EC0-301F-11D3-BF4B-00C04F79EFBC}") = "Beeant.Presentation.Mobile.Buy", "Presentation\Mobile\Beeant.Presentation.Mobile.Buy\Beeant.Presentation.Mobile.Buy.csproj", "{A87C263B-F116-43C7-AFCC-D6D466DE27A6}"
EndProject
Project("{FAE04EC0-301F-11D3-BF4B-00C04F79EFBC}") = "Beeant.Presentation.Mobile.Member", "Presentation\Mobile\Beeant.Presentation.Mobile.Member\Beeant.Presentation.Mobile.Member.csproj", "{555C7442-41DC-4921-819C-0F1CED101566}"
EndProject
Project("{FAE04EC0-301F-11D3-BF4B-00C04F79EFBC}") = "Beeant.Presentation.Mobile.Order", "Presentation\Mobile\Beeant.Presentation.Mobile.Order\Beeant.Presentation.Mobile.Order.csproj", "{02114BB1-72DC-49C0-A6C7-720DB3D41C13}"
EndProject
Project("{FAE04EC0-301F-11D3-BF4B-00C04F79EFBC}") = "Beeant.Distributed.Outside.Pay", "Distributed\Outside\Beeant.Distributed.Outside.Pay\Beeant.Distributed.Outside.Pay.csproj", "{C2C62FA3-2639-49DB-9AE6-B5EED250B46C}"
EndProject
Project("{FAE04EC0-301F-11D3-BF4B-00C04F79EFBC}") = "Beeant.Distributed.Outside.Reception", "Distributed\Outside\Beeant.Distributed.Outside.Reception\Beeant.Distributed.Outside.Reception.csproj", "{3B139273-6705-4871-A0FB-ADFE2601EF30}"
EndProject
Project("{2150E333-8FDC-42A3-9474-1A3956D46DE8}") = "Cloud", "Cloud", "{B3BEFE4A-2B6E-458D-B4A5-A8257CA779A8}"
EndProject
Project("{2150E333-8FDC-42A3-9474-1A3956D46DE8}") = "Site", "Site", "{2520922B-31CA-465D-8F12-7480700DFC42}"
EndProject
Project("{FAE04EC0-301F-11D3-BF4B-00C04F79EFBC}") = "Beeant.Presentation.Admin.Cloud", "Presentation\Admin\Beeant.Presentation.Admin.Cloud\Beeant.Presentation.Admin.Cloud.csproj", "{DB8F6B70-ED47-4B90-ADA8-A0E7954924AC}"
EndProject
Project("{FAE04EC0-301F-11D3-BF4B-00C04F79EFBC}") = "Beeant.Cloud.Site.Mobile", "Cloud\Site\Beeant.Cloud.Site.Mobile\Beeant.Cloud.Site.Mobile.csproj", "{480AF25B-191F-4413-88A1-F589F0D8D037}"
EndProject
Project("{FAE04EC0-301F-11D3-BF4B-00C04F79EFBC}") = "Beeant.Cloud.Site", "Cloud\Site\Beeant.Cloud.Site\Beeant.Cloud.Site.csproj", "{18A3A09D-8D73-4F2A-B291-FDD3D1CF738D}"
EndProject
Project("{FAE04EC0-301F-11D3-BF4B-00C04F79EFBC}") = "Beeant.Cloud.Site.Admin", "Cloud\Site\Beeant.Cloud.Site.Admin\Beeant.Cloud.Site.Admin.csproj", "{C982C1E2-0A28-4CBC-96A2-586E125E1E5B}"
EndProject
Project("{FAE04EC0-301F-11D3-BF4B-00C04F79EFBC}") = "Beeant.Cloud.Site.Website", "Cloud\Site\Beeant.Cloud.Site.Website\Beeant.Cloud.Site.Website.csproj", "{16E4987C-7B29-47FD-9B93-65F5EDDFC97A}"
EndProject
Project("{FAE04EC0-301F-11D3-BF4B-00C04F79EFBC}") = "Beeant.Cloud.Site.Client", "Cloud\Site\Beeant.Cloud.Site.Client\Beeant.Cloud.Site.Client.csproj", "{B439A3EA-1B8B-481E-9F01-3A4C0413E6A3}"
EndProject
Project("{FAE04EC0-301F-11D3-BF4B-00C04F79EFBC}") = "Beeant.Distributed.Outside.Document", "Distributed\Outside\Beeant.Distributed.Outside.Document\Beeant.Distributed.Outside.Document.csproj", "{B91076B1-0734-4F2D-AFEA-5BF10672280C}"
EndProject
Project("{FAE04EC0-301F-11D3-BF4B-00C04F79EFBC}") = "Beeant.Presentation.Admin.Log", "Presentation\Admin\Beeant.Presentation.Admin.Log\Beeant.Presentation.Admin.Log.csproj", "{4E97BB5E-500D-469D-B0B4-24ACE1417061}"
EndProject
Project("{FAE04EC0-301F-11D3-BF4B-00C04F79EFBC}") = "Beeant.Presentation.Website.Editor", "Presentation\Website\Beeant.Presentation.Website.Editor\Beeant.Presentation.Website.Editor.csproj", "{CE5DB715-84ED-4939-A872-945E30E20CDF}"
EndProject
Project("{2150E333-8FDC-42A3-9474-1A3956D46DE8}") = "Test", "Test", "{D0F2EF8F-8A54-4347-81A7-D606B7B89EA3}"
EndProject
Project("{FAE04EC0-301F-11D3-BF4B-00C04F79EFBC}") = "Beeant.Test.Services", "Test\Beeant.Test.Services\Beeant.Test.Services.csproj", "{CCDA7221-CD6B-4153-B6AD-A591F91DA25E}"
EndProject
Project("{FAE04EC0-301F-11D3-BF4B-00C04F79EFBC}") = "Beeant.Presentation.Website.Home", "Presentation\Website\Beeant.Presentation.Website.Home\Beeant.Presentation.Website.Home.csproj", "{E1005E27-1BD3-4C68-8BE8-B6E3B8F2B8B3}"
EndProject
Project("{FAE04EC0-301F-11D3-BF4B-00C04F79EFBC}") = "Beeant.Cloud.Site.Reception", "Cloud\Site\Beeant.Cloud.Site.Reception\Beeant.Cloud.Site.Reception.csproj", "{43A14839-15CF-4809-850E-A3468C8B0B21}"
EndProject
Project("{2150E333-8FDC-42A3-9474-1A3956D46DE8}") = "Tool", "Tool", "{D4A48AC8-3F3E-4416-8BD6-B43F207F34C9}"
EndProject
Project("{FAE04EC0-301F-11D3-BF4B-00C04F79EFBC}") = "Beeant.Tool.Copy", "Tool\Beeant.Tool.Copy\Beeant.Tool.Copy.csproj", "{837FE935-490F-4902-A31E-D44024FBE4AB}"
EndProject
Global
	GlobalSection(SolutionConfigurationPlatforms) = preSolution
		Debug|Any CPU = Debug|Any CPU
		Debug|Mixed Platforms = Debug|Mixed Platforms
		Debug|x86 = Debug|x86
		Release|Any CPU = Release|Any CPU
		Release|Mixed Platforms = Release|Mixed Platforms
		Release|x86 = Release|x86
	EndGlobalSection
	GlobalSection(ProjectConfigurationPlatforms) = postSolution
		{1A1BD7ED-0CD2-46B7-B135-88A54FCA33C6}.Debug|Any CPU.ActiveCfg = Debug|Any CPU
		{1A1BD7ED-0CD2-46B7-B135-88A54FCA33C6}.Debug|Any CPU.Build.0 = Debug|Any CPU
		{1A1BD7ED-0CD2-46B7-B135-88A54FCA33C6}.Debug|Mixed Platforms.ActiveCfg = Debug|Any CPU
		{1A1BD7ED-0CD2-46B7-B135-88A54FCA33C6}.Debug|Mixed Platforms.Build.0 = Debug|Any CPU
		{1A1BD7ED-0CD2-46B7-B135-88A54FCA33C6}.Debug|x86.ActiveCfg = Debug|Any CPU
		{1A1BD7ED-0CD2-46B7-B135-88A54FCA33C6}.Release|Any CPU.ActiveCfg = Release|Any CPU
		{1A1BD7ED-0CD2-46B7-B135-88A54FCA33C6}.Release|Any CPU.Build.0 = Release|Any CPU
		{1A1BD7ED-0CD2-46B7-B135-88A54FCA33C6}.Release|Mixed Platforms.ActiveCfg = Release|Any CPU
		{1A1BD7ED-0CD2-46B7-B135-88A54FCA33C6}.Release|Mixed Platforms.Build.0 = Release|Any CPU
		{1A1BD7ED-0CD2-46B7-B135-88A54FCA33C6}.Release|x86.ActiveCfg = Release|Any CPU
		{EB334C7B-6CF1-4ED8-ABFB-A41D46566F8A}.Debug|Any CPU.ActiveCfg = Debug|Any CPU
		{EB334C7B-6CF1-4ED8-ABFB-A41D46566F8A}.Debug|Any CPU.Build.0 = Debug|Any CPU
		{EB334C7B-6CF1-4ED8-ABFB-A41D46566F8A}.Debug|Mixed Platforms.ActiveCfg = Debug|Any CPU
		{EB334C7B-6CF1-4ED8-ABFB-A41D46566F8A}.Debug|Mixed Platforms.Build.0 = Debug|Any CPU
		{EB334C7B-6CF1-4ED8-ABFB-A41D46566F8A}.Debug|x86.ActiveCfg = Debug|Any CPU
		{EB334C7B-6CF1-4ED8-ABFB-A41D46566F8A}.Release|Any CPU.ActiveCfg = Release|Any CPU
		{EB334C7B-6CF1-4ED8-ABFB-A41D46566F8A}.Release|Any CPU.Build.0 = Release|Any CPU
		{EB334C7B-6CF1-4ED8-ABFB-A41D46566F8A}.Release|Mixed Platforms.ActiveCfg = Release|Any CPU
		{EB334C7B-6CF1-4ED8-ABFB-A41D46566F8A}.Release|Mixed Platforms.Build.0 = Release|Any CPU
		{EB334C7B-6CF1-4ED8-ABFB-A41D46566F8A}.Release|x86.ActiveCfg = Release|Any CPU
		{33BC44CB-2427-42E2-A9DA-D57D80519760}.Debug|Any CPU.ActiveCfg = Debug|Any CPU
		{33BC44CB-2427-42E2-A9DA-D57D80519760}.Debug|Any CPU.Build.0 = Debug|Any CPU
		{33BC44CB-2427-42E2-A9DA-D57D80519760}.Debug|Mixed Platforms.ActiveCfg = Debug|Any CPU
		{33BC44CB-2427-42E2-A9DA-D57D80519760}.Debug|Mixed Platforms.Build.0 = Debug|Any CPU
		{33BC44CB-2427-42E2-A9DA-D57D80519760}.Debug|x86.ActiveCfg = Debug|Any CPU
		{33BC44CB-2427-42E2-A9DA-D57D80519760}.Release|Any CPU.ActiveCfg = Release|Any CPU
		{33BC44CB-2427-42E2-A9DA-D57D80519760}.Release|Any CPU.Build.0 = Release|Any CPU
		{33BC44CB-2427-42E2-A9DA-D57D80519760}.Release|Mixed Platforms.ActiveCfg = Release|Any CPU
		{33BC44CB-2427-42E2-A9DA-D57D80519760}.Release|Mixed Platforms.Build.0 = Release|Any CPU
		{33BC44CB-2427-42E2-A9DA-D57D80519760}.Release|x86.ActiveCfg = Release|Any CPU
		{B989C9E9-64D4-42C5-A2EA-C8347A1BA723}.Debug|Any CPU.ActiveCfg = Debug|Any CPU
		{B989C9E9-64D4-42C5-A2EA-C8347A1BA723}.Debug|Any CPU.Build.0 = Debug|Any CPU
		{B989C9E9-64D4-42C5-A2EA-C8347A1BA723}.Debug|Mixed Platforms.ActiveCfg = Debug|Any CPU
		{B989C9E9-64D4-42C5-A2EA-C8347A1BA723}.Debug|Mixed Platforms.Build.0 = Debug|Any CPU
		{B989C9E9-64D4-42C5-A2EA-C8347A1BA723}.Debug|x86.ActiveCfg = Debug|Any CPU
		{B989C9E9-64D4-42C5-A2EA-C8347A1BA723}.Release|Any CPU.ActiveCfg = Release|Any CPU
		{B989C9E9-64D4-42C5-A2EA-C8347A1BA723}.Release|Any CPU.Build.0 = Release|Any CPU
		{B989C9E9-64D4-42C5-A2EA-C8347A1BA723}.Release|Mixed Platforms.ActiveCfg = Release|Any CPU
		{B989C9E9-64D4-42C5-A2EA-C8347A1BA723}.Release|Mixed Platforms.Build.0 = Release|Any CPU
		{B989C9E9-64D4-42C5-A2EA-C8347A1BA723}.Release|x86.ActiveCfg = Release|Any CPU
		{462D6461-F2A0-4058-96E3-64677A31B1E8}.Debug|Any CPU.ActiveCfg = Debug|Any CPU
		{462D6461-F2A0-4058-96E3-64677A31B1E8}.Debug|Any CPU.Build.0 = Debug|Any CPU
		{462D6461-F2A0-4058-96E3-64677A31B1E8}.Debug|Mixed Platforms.ActiveCfg = Debug|Any CPU
		{462D6461-F2A0-4058-96E3-64677A31B1E8}.Debug|Mixed Platforms.Build.0 = Debug|Any CPU
		{462D6461-F2A0-4058-96E3-64677A31B1E8}.Debug|x86.ActiveCfg = Debug|Any CPU
		{462D6461-F2A0-4058-96E3-64677A31B1E8}.Release|Any CPU.ActiveCfg = Release|Any CPU
		{462D6461-F2A0-4058-96E3-64677A31B1E8}.Release|Any CPU.Build.0 = Release|Any CPU
		{462D6461-F2A0-4058-96E3-64677A31B1E8}.Release|Mixed Platforms.ActiveCfg = Release|Any CPU
		{462D6461-F2A0-4058-96E3-64677A31B1E8}.Release|Mixed Platforms.Build.0 = Release|Any CPU
		{462D6461-F2A0-4058-96E3-64677A31B1E8}.Release|x86.ActiveCfg = Release|Any CPU
		{C7ED9DE4-7073-4DCF-9513-D9EA6E86E537}.Debug|Any CPU.ActiveCfg = Debug|Any CPU
		{C7ED9DE4-7073-4DCF-9513-D9EA6E86E537}.Debug|Any CPU.Build.0 = Debug|Any CPU
		{C7ED9DE4-7073-4DCF-9513-D9EA6E86E537}.Debug|Mixed Platforms.ActiveCfg = Debug|Any CPU
		{C7ED9DE4-7073-4DCF-9513-D9EA6E86E537}.Debug|Mixed Platforms.Build.0 = Debug|Any CPU
		{C7ED9DE4-7073-4DCF-9513-D9EA6E86E537}.Debug|x86.ActiveCfg = Debug|Any CPU
		{C7ED9DE4-7073-4DCF-9513-D9EA6E86E537}.Release|Any CPU.ActiveCfg = Release|Any CPU
		{C7ED9DE4-7073-4DCF-9513-D9EA6E86E537}.Release|Any CPU.Build.0 = Release|Any CPU
		{C7ED9DE4-7073-4DCF-9513-D9EA6E86E537}.Release|Mixed Platforms.ActiveCfg = Release|Any CPU
		{C7ED9DE4-7073-4DCF-9513-D9EA6E86E537}.Release|Mixed Platforms.Build.0 = Release|Any CPU
		{C7ED9DE4-7073-4DCF-9513-D9EA6E86E537}.Release|x86.ActiveCfg = Release|Any CPU
		{5C59D27E-2F1E-4AA9-88BC-789ABF93281D}.Debug|Any CPU.ActiveCfg = Debug|Any CPU
		{5C59D27E-2F1E-4AA9-88BC-789ABF93281D}.Debug|Any CPU.Build.0 = Debug|Any CPU
		{5C59D27E-2F1E-4AA9-88BC-789ABF93281D}.Debug|Mixed Platforms.ActiveCfg = Debug|Any CPU
		{5C59D27E-2F1E-4AA9-88BC-789ABF93281D}.Debug|Mixed Platforms.Build.0 = Debug|Any CPU
		{5C59D27E-2F1E-4AA9-88BC-789ABF93281D}.Debug|x86.ActiveCfg = Debug|Any CPU
		{5C59D27E-2F1E-4AA9-88BC-789ABF93281D}.Release|Any CPU.ActiveCfg = Release|Any CPU
		{5C59D27E-2F1E-4AA9-88BC-789ABF93281D}.Release|Any CPU.Build.0 = Release|Any CPU
		{5C59D27E-2F1E-4AA9-88BC-789ABF93281D}.Release|Mixed Platforms.ActiveCfg = Release|Any CPU
		{5C59D27E-2F1E-4AA9-88BC-789ABF93281D}.Release|Mixed Platforms.Build.0 = Release|Any CPU
		{5C59D27E-2F1E-4AA9-88BC-789ABF93281D}.Release|x86.ActiveCfg = Release|Any CPU
		{150B2973-7C54-4E2E-9B1F-29B98789E886}.Debug|Any CPU.ActiveCfg = Debug|Any CPU
		{150B2973-7C54-4E2E-9B1F-29B98789E886}.Debug|Any CPU.Build.0 = Debug|Any CPU
		{150B2973-7C54-4E2E-9B1F-29B98789E886}.Debug|Mixed Platforms.ActiveCfg = Debug|Any CPU
		{150B2973-7C54-4E2E-9B1F-29B98789E886}.Debug|Mixed Platforms.Build.0 = Debug|Any CPU
		{150B2973-7C54-4E2E-9B1F-29B98789E886}.Debug|x86.ActiveCfg = Debug|Any CPU
		{150B2973-7C54-4E2E-9B1F-29B98789E886}.Release|Any CPU.ActiveCfg = Release|Any CPU
		{150B2973-7C54-4E2E-9B1F-29B98789E886}.Release|Any CPU.Build.0 = Release|Any CPU
		{150B2973-7C54-4E2E-9B1F-29B98789E886}.Release|Mixed Platforms.ActiveCfg = Release|Any CPU
		{150B2973-7C54-4E2E-9B1F-29B98789E886}.Release|Mixed Platforms.Build.0 = Release|Any CPU
		{150B2973-7C54-4E2E-9B1F-29B98789E886}.Release|x86.ActiveCfg = Release|Any CPU
		{D876EE31-D4E2-4A84-BB70-C30CD79DE8D9}.Debug|Any CPU.ActiveCfg = Debug|Any CPU
		{D876EE31-D4E2-4A84-BB70-C30CD79DE8D9}.Debug|Any CPU.Build.0 = Debug|Any CPU
		{D876EE31-D4E2-4A84-BB70-C30CD79DE8D9}.Debug|Mixed Platforms.ActiveCfg = Debug|Any CPU
		{D876EE31-D4E2-4A84-BB70-C30CD79DE8D9}.Debug|Mixed Platforms.Build.0 = Debug|Any CPU
		{D876EE31-D4E2-4A84-BB70-C30CD79DE8D9}.Debug|x86.ActiveCfg = Debug|Any CPU
		{D876EE31-D4E2-4A84-BB70-C30CD79DE8D9}.Release|Any CPU.ActiveCfg = Release|Any CPU
		{D876EE31-D4E2-4A84-BB70-C30CD79DE8D9}.Release|Any CPU.Build.0 = Release|Any CPU
		{D876EE31-D4E2-4A84-BB70-C30CD79DE8D9}.Release|Mixed Platforms.ActiveCfg = Release|Any CPU
		{D876EE31-D4E2-4A84-BB70-C30CD79DE8D9}.Release|Mixed Platforms.Build.0 = Release|Any CPU
		{D876EE31-D4E2-4A84-BB70-C30CD79DE8D9}.Release|x86.ActiveCfg = Release|Any CPU
		{BFDBEC15-26C5-4C8E-999A-36C7FF694159}.Debug|Any CPU.ActiveCfg = Debug|Any CPU
		{BFDBEC15-26C5-4C8E-999A-36C7FF694159}.Debug|Any CPU.Build.0 = Debug|Any CPU
		{BFDBEC15-26C5-4C8E-999A-36C7FF694159}.Debug|Mixed Platforms.ActiveCfg = Debug|Any CPU
		{BFDBEC15-26C5-4C8E-999A-36C7FF694159}.Debug|Mixed Platforms.Build.0 = Debug|Any CPU
		{BFDBEC15-26C5-4C8E-999A-36C7FF694159}.Debug|x86.ActiveCfg = Debug|Any CPU
		{BFDBEC15-26C5-4C8E-999A-36C7FF694159}.Release|Any CPU.ActiveCfg = Release|Any CPU
		{BFDBEC15-26C5-4C8E-999A-36C7FF694159}.Release|Any CPU.Build.0 = Release|Any CPU
		{BFDBEC15-26C5-4C8E-999A-36C7FF694159}.Release|Mixed Platforms.ActiveCfg = Release|Any CPU
		{BFDBEC15-26C5-4C8E-999A-36C7FF694159}.Release|Mixed Platforms.Build.0 = Release|Any CPU
		{BFDBEC15-26C5-4C8E-999A-36C7FF694159}.Release|x86.ActiveCfg = Release|Any CPU
		{6CA13ACB-9FF5-4068-85F3-A89314CA309B}.Debug|Any CPU.ActiveCfg = Debug|Any CPU
		{6CA13ACB-9FF5-4068-85F3-A89314CA309B}.Debug|Any CPU.Build.0 = Debug|Any CPU
		{6CA13ACB-9FF5-4068-85F3-A89314CA309B}.Debug|Mixed Platforms.ActiveCfg = Debug|Any CPU
		{6CA13ACB-9FF5-4068-85F3-A89314CA309B}.Debug|Mixed Platforms.Build.0 = Debug|Any CPU
		{6CA13ACB-9FF5-4068-85F3-A89314CA309B}.Debug|x86.ActiveCfg = Debug|Any CPU
		{6CA13ACB-9FF5-4068-85F3-A89314CA309B}.Release|Any CPU.ActiveCfg = Release|Any CPU
		{6CA13ACB-9FF5-4068-85F3-A89314CA309B}.Release|Any CPU.Build.0 = Release|Any CPU
		{6CA13ACB-9FF5-4068-85F3-A89314CA309B}.Release|Mixed Platforms.ActiveCfg = Release|Any CPU
		{6CA13ACB-9FF5-4068-85F3-A89314CA309B}.Release|Mixed Platforms.Build.0 = Release|Any CPU
		{6CA13ACB-9FF5-4068-85F3-A89314CA309B}.Release|x86.ActiveCfg = Release|Any CPU
		{95E357C6-CF73-4883-8784-7AEA5E364527}.Debug|Any CPU.ActiveCfg = Debug|Any CPU
		{95E357C6-CF73-4883-8784-7AEA5E364527}.Debug|Any CPU.Build.0 = Debug|Any CPU
		{95E357C6-CF73-4883-8784-7AEA5E364527}.Debug|Mixed Platforms.ActiveCfg = Debug|Any CPU
		{95E357C6-CF73-4883-8784-7AEA5E364527}.Debug|Mixed Platforms.Build.0 = Debug|Any CPU
		{95E357C6-CF73-4883-8784-7AEA5E364527}.Debug|x86.ActiveCfg = Debug|Any CPU
		{95E357C6-CF73-4883-8784-7AEA5E364527}.Debug|x86.Build.0 = Debug|Any CPU
		{95E357C6-CF73-4883-8784-7AEA5E364527}.Release|Any CPU.ActiveCfg = Release|Any CPU
		{95E357C6-CF73-4883-8784-7AEA5E364527}.Release|Any CPU.Build.0 = Release|Any CPU
		{95E357C6-CF73-4883-8784-7AEA5E364527}.Release|Mixed Platforms.ActiveCfg = Release|Any CPU
		{95E357C6-CF73-4883-8784-7AEA5E364527}.Release|Mixed Platforms.Build.0 = Release|Any CPU
		{95E357C6-CF73-4883-8784-7AEA5E364527}.Release|x86.ActiveCfg = Release|Any CPU
		{95E357C6-CF73-4883-8784-7AEA5E364527}.Release|x86.Build.0 = Release|Any CPU
		{AC43A85A-DD9D-47B1-AECD-13D1931018AC}.Debug|Any CPU.ActiveCfg = Debug|Any CPU
		{AC43A85A-DD9D-47B1-AECD-13D1931018AC}.Debug|Any CPU.Build.0 = Debug|Any CPU
		{AC43A85A-DD9D-47B1-AECD-13D1931018AC}.Debug|Mixed Platforms.ActiveCfg = Debug|Any CPU
		{AC43A85A-DD9D-47B1-AECD-13D1931018AC}.Debug|Mixed Platforms.Build.0 = Debug|Any CPU
		{AC43A85A-DD9D-47B1-AECD-13D1931018AC}.Debug|x86.ActiveCfg = Debug|Any CPU
		{AC43A85A-DD9D-47B1-AECD-13D1931018AC}.Debug|x86.Build.0 = Debug|Any CPU
		{AC43A85A-DD9D-47B1-AECD-13D1931018AC}.Release|Any CPU.ActiveCfg = Release|Any CPU
		{AC43A85A-DD9D-47B1-AECD-13D1931018AC}.Release|Any CPU.Build.0 = Release|Any CPU
		{AC43A85A-DD9D-47B1-AECD-13D1931018AC}.Release|Mixed Platforms.ActiveCfg = Release|Any CPU
		{AC43A85A-DD9D-47B1-AECD-13D1931018AC}.Release|Mixed Platforms.Build.0 = Release|Any CPU
		{AC43A85A-DD9D-47B1-AECD-13D1931018AC}.Release|x86.ActiveCfg = Release|Any CPU
		{AC43A85A-DD9D-47B1-AECD-13D1931018AC}.Release|x86.Build.0 = Release|Any CPU
		{C3671533-AFD5-4D2F-B734-B4D9EAE7FD88}.Debug|Any CPU.ActiveCfg = Debug|Any CPU
		{C3671533-AFD5-4D2F-B734-B4D9EAE7FD88}.Debug|Any CPU.Build.0 = Debug|Any CPU
		{C3671533-AFD5-4D2F-B734-B4D9EAE7FD88}.Debug|Mixed Platforms.ActiveCfg = Debug|Any CPU
		{C3671533-AFD5-4D2F-B734-B4D9EAE7FD88}.Debug|Mixed Platforms.Build.0 = Debug|Any CPU
		{C3671533-AFD5-4D2F-B734-B4D9EAE7FD88}.Debug|x86.ActiveCfg = Debug|Any CPU
		{C3671533-AFD5-4D2F-B734-B4D9EAE7FD88}.Debug|x86.Build.0 = Debug|Any CPU
		{C3671533-AFD5-4D2F-B734-B4D9EAE7FD88}.Release|Any CPU.ActiveCfg = Release|Any CPU
		{C3671533-AFD5-4D2F-B734-B4D9EAE7FD88}.Release|Any CPU.Build.0 = Release|Any CPU
		{C3671533-AFD5-4D2F-B734-B4D9EAE7FD88}.Release|Mixed Platforms.ActiveCfg = Release|Any CPU
		{C3671533-AFD5-4D2F-B734-B4D9EAE7FD88}.Release|Mixed Platforms.Build.0 = Release|Any CPU
		{C3671533-AFD5-4D2F-B734-B4D9EAE7FD88}.Release|x86.ActiveCfg = Release|Any CPU
		{C3671533-AFD5-4D2F-B734-B4D9EAE7FD88}.Release|x86.Build.0 = Release|Any CPU
		{3B5DE80D-D71A-4503-8BF1-F3853035B894}.Debug|Any CPU.ActiveCfg = Debug|Any CPU
		{3B5DE80D-D71A-4503-8BF1-F3853035B894}.Debug|Any CPU.Build.0 = Debug|Any CPU
		{3B5DE80D-D71A-4503-8BF1-F3853035B894}.Debug|Mixed Platforms.ActiveCfg = Debug|Any CPU
		{3B5DE80D-D71A-4503-8BF1-F3853035B894}.Debug|Mixed Platforms.Build.0 = Debug|Any CPU
		{3B5DE80D-D71A-4503-8BF1-F3853035B894}.Debug|x86.ActiveCfg = Debug|Any CPU
		{3B5DE80D-D71A-4503-8BF1-F3853035B894}.Debug|x86.Build.0 = Debug|Any CPU
		{3B5DE80D-D71A-4503-8BF1-F3853035B894}.Release|Any CPU.ActiveCfg = Release|Any CPU
		{3B5DE80D-D71A-4503-8BF1-F3853035B894}.Release|Any CPU.Build.0 = Release|Any CPU
		{3B5DE80D-D71A-4503-8BF1-F3853035B894}.Release|Mixed Platforms.ActiveCfg = Release|Any CPU
		{3B5DE80D-D71A-4503-8BF1-F3853035B894}.Release|Mixed Platforms.Build.0 = Release|Any CPU
		{3B5DE80D-D71A-4503-8BF1-F3853035B894}.Release|x86.ActiveCfg = Release|Any CPU
		{3B5DE80D-D71A-4503-8BF1-F3853035B894}.Release|x86.Build.0 = Release|Any CPU
		{37CDE48A-63F0-471C-8324-B663DE64BA02}.Debug|Any CPU.ActiveCfg = Debug|Any CPU
		{37CDE48A-63F0-471C-8324-B663DE64BA02}.Debug|Any CPU.Build.0 = Debug|Any CPU
		{37CDE48A-63F0-471C-8324-B663DE64BA02}.Debug|Mixed Platforms.ActiveCfg = Debug|Any CPU
		{37CDE48A-63F0-471C-8324-B663DE64BA02}.Debug|Mixed Platforms.Build.0 = Debug|Any CPU
		{37CDE48A-63F0-471C-8324-B663DE64BA02}.Debug|x86.ActiveCfg = Debug|Any CPU
		{37CDE48A-63F0-471C-8324-B663DE64BA02}.Debug|x86.Build.0 = Debug|Any CPU
		{37CDE48A-63F0-471C-8324-B663DE64BA02}.Release|Any CPU.ActiveCfg = Release|Any CPU
		{37CDE48A-63F0-471C-8324-B663DE64BA02}.Release|Any CPU.Build.0 = Release|Any CPU
		{37CDE48A-63F0-471C-8324-B663DE64BA02}.Release|Mixed Platforms.ActiveCfg = Release|Any CPU
		{37CDE48A-63F0-471C-8324-B663DE64BA02}.Release|Mixed Platforms.Build.0 = Release|Any CPU
		{37CDE48A-63F0-471C-8324-B663DE64BA02}.Release|x86.ActiveCfg = Release|Any CPU
		{37CDE48A-63F0-471C-8324-B663DE64BA02}.Release|x86.Build.0 = Release|Any CPU
		{A745C38A-8BCA-4CD3-A616-794762A37973}.Debug|Any CPU.ActiveCfg = Debug|Any CPU
		{A745C38A-8BCA-4CD3-A616-794762A37973}.Debug|Any CPU.Build.0 = Debug|Any CPU
		{A745C38A-8BCA-4CD3-A616-794762A37973}.Debug|Mixed Platforms.ActiveCfg = Debug|Any CPU
		{A745C38A-8BCA-4CD3-A616-794762A37973}.Debug|Mixed Platforms.Build.0 = Debug|Any CPU
		{A745C38A-8BCA-4CD3-A616-794762A37973}.Debug|x86.ActiveCfg = Debug|Any CPU
		{A745C38A-8BCA-4CD3-A616-794762A37973}.Debug|x86.Build.0 = Debug|Any CPU
		{A745C38A-8BCA-4CD3-A616-794762A37973}.Release|Any CPU.ActiveCfg = Release|Any CPU
		{A745C38A-8BCA-4CD3-A616-794762A37973}.Release|Any CPU.Build.0 = Release|Any CPU
		{A745C38A-8BCA-4CD3-A616-794762A37973}.Release|Mixed Platforms.ActiveCfg = Release|Any CPU
		{A745C38A-8BCA-4CD3-A616-794762A37973}.Release|Mixed Platforms.Build.0 = Release|Any CPU
		{A745C38A-8BCA-4CD3-A616-794762A37973}.Release|x86.ActiveCfg = Release|Any CPU
		{A745C38A-8BCA-4CD3-A616-794762A37973}.Release|x86.Build.0 = Release|Any CPU
		{55E86BF9-5DE3-4664-9C29-20DD2AA9A243}.Debug|Any CPU.ActiveCfg = Debug|Any CPU
		{55E86BF9-5DE3-4664-9C29-20DD2AA9A243}.Debug|Any CPU.Build.0 = Debug|Any CPU
		{55E86BF9-5DE3-4664-9C29-20DD2AA9A243}.Debug|Mixed Platforms.ActiveCfg = Debug|Any CPU
		{55E86BF9-5DE3-4664-9C29-20DD2AA9A243}.Debug|Mixed Platforms.Build.0 = Debug|Any CPU
		{55E86BF9-5DE3-4664-9C29-20DD2AA9A243}.Debug|x86.ActiveCfg = Debug|Any CPU
		{55E86BF9-5DE3-4664-9C29-20DD2AA9A243}.Debug|x86.Build.0 = Debug|Any CPU
		{55E86BF9-5DE3-4664-9C29-20DD2AA9A243}.Release|Any CPU.ActiveCfg = Release|Any CPU
		{55E86BF9-5DE3-4664-9C29-20DD2AA9A243}.Release|Any CPU.Build.0 = Release|Any CPU
		{55E86BF9-5DE3-4664-9C29-20DD2AA9A243}.Release|Mixed Platforms.ActiveCfg = Release|Any CPU
		{55E86BF9-5DE3-4664-9C29-20DD2AA9A243}.Release|Mixed Platforms.Build.0 = Release|Any CPU
		{55E86BF9-5DE3-4664-9C29-20DD2AA9A243}.Release|x86.ActiveCfg = Release|Any CPU
		{55E86BF9-5DE3-4664-9C29-20DD2AA9A243}.Release|x86.Build.0 = Release|Any CPU
		{AEC4E11B-F0A9-4387-82AB-54B7EBAFF95C}.Debug|Any CPU.ActiveCfg = Debug|Any CPU
		{AEC4E11B-F0A9-4387-82AB-54B7EBAFF95C}.Debug|Any CPU.Build.0 = Debug|Any CPU
		{AEC4E11B-F0A9-4387-82AB-54B7EBAFF95C}.Debug|Mixed Platforms.ActiveCfg = Debug|Any CPU
		{AEC4E11B-F0A9-4387-82AB-54B7EBAFF95C}.Debug|Mixed Platforms.Build.0 = Debug|Any CPU
		{AEC4E11B-F0A9-4387-82AB-54B7EBAFF95C}.Debug|x86.ActiveCfg = Debug|Any CPU
		{AEC4E11B-F0A9-4387-82AB-54B7EBAFF95C}.Debug|x86.Build.0 = Debug|Any CPU
		{AEC4E11B-F0A9-4387-82AB-54B7EBAFF95C}.Release|Any CPU.ActiveCfg = Release|Any CPU
		{AEC4E11B-F0A9-4387-82AB-54B7EBAFF95C}.Release|Any CPU.Build.0 = Release|Any CPU
		{AEC4E11B-F0A9-4387-82AB-54B7EBAFF95C}.Release|Mixed Platforms.ActiveCfg = Release|Any CPU
		{AEC4E11B-F0A9-4387-82AB-54B7EBAFF95C}.Release|Mixed Platforms.Build.0 = Release|Any CPU
		{AEC4E11B-F0A9-4387-82AB-54B7EBAFF95C}.Release|x86.ActiveCfg = Release|Any CPU
		{AEC4E11B-F0A9-4387-82AB-54B7EBAFF95C}.Release|x86.Build.0 = Release|Any CPU
		{B175D169-8F44-44D2-82DE-10AFC8C2A97D}.Debug|Any CPU.ActiveCfg = Debug|Any CPU
		{B175D169-8F44-44D2-82DE-10AFC8C2A97D}.Debug|Any CPU.Build.0 = Debug|Any CPU
		{B175D169-8F44-44D2-82DE-10AFC8C2A97D}.Debug|Mixed Platforms.ActiveCfg = Debug|Any CPU
		{B175D169-8F44-44D2-82DE-10AFC8C2A97D}.Debug|Mixed Platforms.Build.0 = Debug|Any CPU
		{B175D169-8F44-44D2-82DE-10AFC8C2A97D}.Debug|x86.ActiveCfg = Debug|Any CPU
		{B175D169-8F44-44D2-82DE-10AFC8C2A97D}.Debug|x86.Build.0 = Debug|Any CPU
		{B175D169-8F44-44D2-82DE-10AFC8C2A97D}.Release|Any CPU.ActiveCfg = Release|Any CPU
		{B175D169-8F44-44D2-82DE-10AFC8C2A97D}.Release|Any CPU.Build.0 = Release|Any CPU
		{B175D169-8F44-44D2-82DE-10AFC8C2A97D}.Release|Mixed Platforms.ActiveCfg = Release|Any CPU
		{B175D169-8F44-44D2-82DE-10AFC8C2A97D}.Release|Mixed Platforms.Build.0 = Release|Any CPU
		{B175D169-8F44-44D2-82DE-10AFC8C2A97D}.Release|x86.ActiveCfg = Release|Any CPU
		{B175D169-8F44-44D2-82DE-10AFC8C2A97D}.Release|x86.Build.0 = Release|Any CPU
		{E061610E-4903-473A-9D3E-D8E41A43A407}.Debug|Any CPU.ActiveCfg = Debug|Any CPU
		{E061610E-4903-473A-9D3E-D8E41A43A407}.Debug|Any CPU.Build.0 = Debug|Any CPU
		{E061610E-4903-473A-9D3E-D8E41A43A407}.Debug|Mixed Platforms.ActiveCfg = Debug|Any CPU
		{E061610E-4903-473A-9D3E-D8E41A43A407}.Debug|Mixed Platforms.Build.0 = Debug|Any CPU
		{E061610E-4903-473A-9D3E-D8E41A43A407}.Debug|x86.ActiveCfg = Debug|Any CPU
		{E061610E-4903-473A-9D3E-D8E41A43A407}.Debug|x86.Build.0 = Debug|Any CPU
		{E061610E-4903-473A-9D3E-D8E41A43A407}.Release|Any CPU.ActiveCfg = Release|Any CPU
		{E061610E-4903-473A-9D3E-D8E41A43A407}.Release|Any CPU.Build.0 = Release|Any CPU
		{E061610E-4903-473A-9D3E-D8E41A43A407}.Release|Mixed Platforms.ActiveCfg = Release|Any CPU
		{E061610E-4903-473A-9D3E-D8E41A43A407}.Release|Mixed Platforms.Build.0 = Release|Any CPU
		{E061610E-4903-473A-9D3E-D8E41A43A407}.Release|x86.ActiveCfg = Release|Any CPU
		{E061610E-4903-473A-9D3E-D8E41A43A407}.Release|x86.Build.0 = Release|Any CPU
		{FE74356F-3414-4297-830A-4EBF3DB3039C}.Debug|Any CPU.ActiveCfg = Debug|Any CPU
		{FE74356F-3414-4297-830A-4EBF3DB3039C}.Debug|Any CPU.Build.0 = Debug|Any CPU
		{FE74356F-3414-4297-830A-4EBF3DB3039C}.Debug|Mixed Platforms.ActiveCfg = Debug|Any CPU
		{FE74356F-3414-4297-830A-4EBF3DB3039C}.Debug|Mixed Platforms.Build.0 = Debug|Any CPU
		{FE74356F-3414-4297-830A-4EBF3DB3039C}.Debug|x86.ActiveCfg = Debug|Any CPU
		{FE74356F-3414-4297-830A-4EBF3DB3039C}.Debug|x86.Build.0 = Debug|Any CPU
		{FE74356F-3414-4297-830A-4EBF3DB3039C}.Release|Any CPU.ActiveCfg = Release|Any CPU
		{FE74356F-3414-4297-830A-4EBF3DB3039C}.Release|Any CPU.Build.0 = Release|Any CPU
		{FE74356F-3414-4297-830A-4EBF3DB3039C}.Release|Mixed Platforms.ActiveCfg = Release|Any CPU
		{FE74356F-3414-4297-830A-4EBF3DB3039C}.Release|Mixed Platforms.Build.0 = Release|Any CPU
		{FE74356F-3414-4297-830A-4EBF3DB3039C}.Release|x86.ActiveCfg = Release|Any CPU
		{FE74356F-3414-4297-830A-4EBF3DB3039C}.Release|x86.Build.0 = Release|Any CPU
		{E8DBBE12-B653-420F-B4B8-4D3F09CC4976}.Debug|Any CPU.ActiveCfg = Debug|Any CPU
		{E8DBBE12-B653-420F-B4B8-4D3F09CC4976}.Debug|Any CPU.Build.0 = Debug|Any CPU
		{E8DBBE12-B653-420F-B4B8-4D3F09CC4976}.Debug|Mixed Platforms.ActiveCfg = Debug|Any CPU
		{E8DBBE12-B653-420F-B4B8-4D3F09CC4976}.Debug|Mixed Platforms.Build.0 = Debug|Any CPU
		{E8DBBE12-B653-420F-B4B8-4D3F09CC4976}.Debug|x86.ActiveCfg = Debug|Any CPU
		{E8DBBE12-B653-420F-B4B8-4D3F09CC4976}.Debug|x86.Build.0 = Debug|Any CPU
		{E8DBBE12-B653-420F-B4B8-4D3F09CC4976}.Release|Any CPU.ActiveCfg = Release|Any CPU
		{E8DBBE12-B653-420F-B4B8-4D3F09CC4976}.Release|Any CPU.Build.0 = Release|Any CPU
		{E8DBBE12-B653-420F-B4B8-4D3F09CC4976}.Release|Mixed Platforms.ActiveCfg = Release|Any CPU
		{E8DBBE12-B653-420F-B4B8-4D3F09CC4976}.Release|Mixed Platforms.Build.0 = Release|Any CPU
		{E8DBBE12-B653-420F-B4B8-4D3F09CC4976}.Release|x86.ActiveCfg = Release|Any CPU
		{E8DBBE12-B653-420F-B4B8-4D3F09CC4976}.Release|x86.Build.0 = Release|Any CPU
		{1B8BCADF-0477-46C3-AC8C-69FD8F6AD2B3}.Debug|Any CPU.ActiveCfg = Debug|Any CPU
		{1B8BCADF-0477-46C3-AC8C-69FD8F6AD2B3}.Debug|Any CPU.Build.0 = Debug|Any CPU
		{1B8BCADF-0477-46C3-AC8C-69FD8F6AD2B3}.Debug|Mixed Platforms.ActiveCfg = Debug|Any CPU
		{1B8BCADF-0477-46C3-AC8C-69FD8F6AD2B3}.Debug|Mixed Platforms.Build.0 = Debug|Any CPU
		{1B8BCADF-0477-46C3-AC8C-69FD8F6AD2B3}.Debug|x86.ActiveCfg = Debug|Any CPU
		{1B8BCADF-0477-46C3-AC8C-69FD8F6AD2B3}.Debug|x86.Build.0 = Debug|Any CPU
		{1B8BCADF-0477-46C3-AC8C-69FD8F6AD2B3}.Release|Any CPU.ActiveCfg = Release|Any CPU
		{1B8BCADF-0477-46C3-AC8C-69FD8F6AD2B3}.Release|Any CPU.Build.0 = Release|Any CPU
		{1B8BCADF-0477-46C3-AC8C-69FD8F6AD2B3}.Release|Mixed Platforms.ActiveCfg = Release|Any CPU
		{1B8BCADF-0477-46C3-AC8C-69FD8F6AD2B3}.Release|Mixed Platforms.Build.0 = Release|Any CPU
		{1B8BCADF-0477-46C3-AC8C-69FD8F6AD2B3}.Release|x86.ActiveCfg = Release|Any CPU
		{1B8BCADF-0477-46C3-AC8C-69FD8F6AD2B3}.Release|x86.Build.0 = Release|Any CPU
		{CAF249DF-B4DC-4684-AFB7-1FBBF37E4540}.Debug|Any CPU.ActiveCfg = Debug|x86
		{CAF249DF-B4DC-4684-AFB7-1FBBF37E4540}.Debug|Mixed Platforms.ActiveCfg = Debug|x86
		{CAF249DF-B4DC-4684-AFB7-1FBBF37E4540}.Debug|Mixed Platforms.Build.0 = Debug|x86
		{CAF249DF-B4DC-4684-AFB7-1FBBF37E4540}.Debug|x86.ActiveCfg = Debug|x86
		{CAF249DF-B4DC-4684-AFB7-1FBBF37E4540}.Debug|x86.Build.0 = Debug|x86
		{CAF249DF-B4DC-4684-AFB7-1FBBF37E4540}.Release|Any CPU.ActiveCfg = Release|x86
		{CAF249DF-B4DC-4684-AFB7-1FBBF37E4540}.Release|Mixed Platforms.ActiveCfg = Release|x86
		{CAF249DF-B4DC-4684-AFB7-1FBBF37E4540}.Release|Mixed Platforms.Build.0 = Release|x86
		{CAF249DF-B4DC-4684-AFB7-1FBBF37E4540}.Release|x86.ActiveCfg = Release|x86
		{CAF249DF-B4DC-4684-AFB7-1FBBF37E4540}.Release|x86.Build.0 = Release|x86
		{5B8F9226-9A8F-44C1-9EC1-E78FB18214A2}.Debug|Any CPU.ActiveCfg = Debug|Any CPU
		{5B8F9226-9A8F-44C1-9EC1-E78FB18214A2}.Debug|Any CPU.Build.0 = Debug|Any CPU
		{5B8F9226-9A8F-44C1-9EC1-E78FB18214A2}.Debug|Mixed Platforms.ActiveCfg = Debug|Any CPU
		{5B8F9226-9A8F-44C1-9EC1-E78FB18214A2}.Debug|Mixed Platforms.Build.0 = Debug|Any CPU
		{5B8F9226-9A8F-44C1-9EC1-E78FB18214A2}.Debug|x86.ActiveCfg = Debug|Any CPU
		{5B8F9226-9A8F-44C1-9EC1-E78FB18214A2}.Debug|x86.Build.0 = Debug|Any CPU
		{5B8F9226-9A8F-44C1-9EC1-E78FB18214A2}.Release|Any CPU.ActiveCfg = Release|Any CPU
		{5B8F9226-9A8F-44C1-9EC1-E78FB18214A2}.Release|Any CPU.Build.0 = Release|Any CPU
		{5B8F9226-9A8F-44C1-9EC1-E78FB18214A2}.Release|Mixed Platforms.ActiveCfg = Release|Any CPU
		{5B8F9226-9A8F-44C1-9EC1-E78FB18214A2}.Release|Mixed Platforms.Build.0 = Release|Any CPU
		{5B8F9226-9A8F-44C1-9EC1-E78FB18214A2}.Release|x86.ActiveCfg = Release|Any CPU
		{5B8F9226-9A8F-44C1-9EC1-E78FB18214A2}.Release|x86.Build.0 = Release|Any CPU
		{8A8DDF8D-D816-40B2-936B-3C525C6E1641}.Debug|Any CPU.ActiveCfg = Debug|Any CPU
		{8A8DDF8D-D816-40B2-936B-3C525C6E1641}.Debug|Any CPU.Build.0 = Debug|Any CPU
		{8A8DDF8D-D816-40B2-936B-3C525C6E1641}.Debug|Mixed Platforms.ActiveCfg = Debug|Any CPU
		{8A8DDF8D-D816-40B2-936B-3C525C6E1641}.Debug|Mixed Platforms.Build.0 = Debug|Any CPU
		{8A8DDF8D-D816-40B2-936B-3C525C6E1641}.Debug|x86.ActiveCfg = Debug|Any CPU
		{8A8DDF8D-D816-40B2-936B-3C525C6E1641}.Debug|x86.Build.0 = Debug|Any CPU
		{8A8DDF8D-D816-40B2-936B-3C525C6E1641}.Release|Any CPU.ActiveCfg = Release|Any CPU
		{8A8DDF8D-D816-40B2-936B-3C525C6E1641}.Release|Any CPU.Build.0 = Release|Any CPU
		{8A8DDF8D-D816-40B2-936B-3C525C6E1641}.Release|Mixed Platforms.ActiveCfg = Release|Any CPU
		{8A8DDF8D-D816-40B2-936B-3C525C6E1641}.Release|Mixed Platforms.Build.0 = Release|Any CPU
		{8A8DDF8D-D816-40B2-936B-3C525C6E1641}.Release|x86.ActiveCfg = Release|Any CPU
		{8A8DDF8D-D816-40B2-936B-3C525C6E1641}.Release|x86.Build.0 = Release|Any CPU
		{2CFE8153-22F8-4471-96F4-D392363AEC3D}.Debug|Any CPU.ActiveCfg = Debug|Any CPU
		{2CFE8153-22F8-4471-96F4-D392363AEC3D}.Debug|Any CPU.Build.0 = Debug|Any CPU
		{2CFE8153-22F8-4471-96F4-D392363AEC3D}.Debug|Mixed Platforms.ActiveCfg = Debug|Any CPU
		{2CFE8153-22F8-4471-96F4-D392363AEC3D}.Debug|Mixed Platforms.Build.0 = Debug|Any CPU
		{2CFE8153-22F8-4471-96F4-D392363AEC3D}.Debug|x86.ActiveCfg = Debug|Any CPU
		{2CFE8153-22F8-4471-96F4-D392363AEC3D}.Debug|x86.Build.0 = Debug|Any CPU
		{2CFE8153-22F8-4471-96F4-D392363AEC3D}.Release|Any CPU.ActiveCfg = Release|Any CPU
		{2CFE8153-22F8-4471-96F4-D392363AEC3D}.Release|Any CPU.Build.0 = Release|Any CPU
		{2CFE8153-22F8-4471-96F4-D392363AEC3D}.Release|Mixed Platforms.ActiveCfg = Release|Any CPU
		{2CFE8153-22F8-4471-96F4-D392363AEC3D}.Release|Mixed Platforms.Build.0 = Release|Any CPU
		{2CFE8153-22F8-4471-96F4-D392363AEC3D}.Release|x86.ActiveCfg = Release|Any CPU
		{2CFE8153-22F8-4471-96F4-D392363AEC3D}.Release|x86.Build.0 = Release|Any CPU
		{DA603F59-D44E-4602-9C75-1219BBB2F8EA}.Debug|Any CPU.ActiveCfg = Debug|Any CPU
		{DA603F59-D44E-4602-9C75-1219BBB2F8EA}.Debug|Any CPU.Build.0 = Debug|Any CPU
		{DA603F59-D44E-4602-9C75-1219BBB2F8EA}.Debug|Mixed Platforms.ActiveCfg = Debug|Any CPU
		{DA603F59-D44E-4602-9C75-1219BBB2F8EA}.Debug|Mixed Platforms.Build.0 = Debug|Any CPU
		{DA603F59-D44E-4602-9C75-1219BBB2F8EA}.Debug|x86.ActiveCfg = Debug|Any CPU
		{DA603F59-D44E-4602-9C75-1219BBB2F8EA}.Debug|x86.Build.0 = Debug|Any CPU
		{DA603F59-D44E-4602-9C75-1219BBB2F8EA}.Release|Any CPU.ActiveCfg = Release|Any CPU
		{DA603F59-D44E-4602-9C75-1219BBB2F8EA}.Release|Any CPU.Build.0 = Release|Any CPU
		{DA603F59-D44E-4602-9C75-1219BBB2F8EA}.Release|Mixed Platforms.ActiveCfg = Release|Any CPU
		{DA603F59-D44E-4602-9C75-1219BBB2F8EA}.Release|Mixed Platforms.Build.0 = Release|Any CPU
		{DA603F59-D44E-4602-9C75-1219BBB2F8EA}.Release|x86.ActiveCfg = Release|Any CPU
		{DA603F59-D44E-4602-9C75-1219BBB2F8EA}.Release|x86.Build.0 = Release|Any CPU
		{FAE91540-A3F7-4EB1-8353-2298FC0BE40B}.Debug|Any CPU.ActiveCfg = Debug|Any CPU
		{FAE91540-A3F7-4EB1-8353-2298FC0BE40B}.Debug|Any CPU.Build.0 = Debug|Any CPU
		{FAE91540-A3F7-4EB1-8353-2298FC0BE40B}.Debug|Mixed Platforms.ActiveCfg = Debug|Any CPU
		{FAE91540-A3F7-4EB1-8353-2298FC0BE40B}.Debug|Mixed Platforms.Build.0 = Debug|Any CPU
		{FAE91540-A3F7-4EB1-8353-2298FC0BE40B}.Debug|x86.ActiveCfg = Debug|Any CPU
		{FAE91540-A3F7-4EB1-8353-2298FC0BE40B}.Debug|x86.Build.0 = Debug|Any CPU
		{FAE91540-A3F7-4EB1-8353-2298FC0BE40B}.Release|Any CPU.ActiveCfg = Release|Any CPU
		{FAE91540-A3F7-4EB1-8353-2298FC0BE40B}.Release|Any CPU.Build.0 = Release|Any CPU
		{FAE91540-A3F7-4EB1-8353-2298FC0BE40B}.Release|Mixed Platforms.ActiveCfg = Release|Any CPU
		{FAE91540-A3F7-4EB1-8353-2298FC0BE40B}.Release|Mixed Platforms.Build.0 = Release|Any CPU
		{FAE91540-A3F7-4EB1-8353-2298FC0BE40B}.Release|x86.ActiveCfg = Release|Any CPU
		{FAE91540-A3F7-4EB1-8353-2298FC0BE40B}.Release|x86.Build.0 = Release|Any CPU
		{E4365200-AD34-40B9-BF7D-EE1B078B8908}.Debug|Any CPU.ActiveCfg = Debug|Any CPU
		{E4365200-AD34-40B9-BF7D-EE1B078B8908}.Debug|Any CPU.Build.0 = Debug|Any CPU
		{E4365200-AD34-40B9-BF7D-EE1B078B8908}.Debug|Mixed Platforms.ActiveCfg = Debug|Any CPU
		{E4365200-AD34-40B9-BF7D-EE1B078B8908}.Debug|Mixed Platforms.Build.0 = Debug|Any CPU
		{E4365200-AD34-40B9-BF7D-EE1B078B8908}.Debug|x86.ActiveCfg = Debug|Any CPU
		{E4365200-AD34-40B9-BF7D-EE1B078B8908}.Debug|x86.Build.0 = Debug|Any CPU
		{E4365200-AD34-40B9-BF7D-EE1B078B8908}.Release|Any CPU.ActiveCfg = Release|Any CPU
		{E4365200-AD34-40B9-BF7D-EE1B078B8908}.Release|Any CPU.Build.0 = Release|Any CPU
		{E4365200-AD34-40B9-BF7D-EE1B078B8908}.Release|Mixed Platforms.ActiveCfg = Release|Any CPU
		{E4365200-AD34-40B9-BF7D-EE1B078B8908}.Release|Mixed Platforms.Build.0 = Release|Any CPU
		{E4365200-AD34-40B9-BF7D-EE1B078B8908}.Release|x86.ActiveCfg = Release|Any CPU
		{E4365200-AD34-40B9-BF7D-EE1B078B8908}.Release|x86.Build.0 = Release|Any CPU
		{3FD64194-6669-478A-B221-6CC19140BA48}.Debug|Any CPU.ActiveCfg = Debug|Any CPU
		{3FD64194-6669-478A-B221-6CC19140BA48}.Debug|Any CPU.Build.0 = Debug|Any CPU
		{3FD64194-6669-478A-B221-6CC19140BA48}.Debug|Mixed Platforms.ActiveCfg = Debug|Any CPU
		{3FD64194-6669-478A-B221-6CC19140BA48}.Debug|Mixed Platforms.Build.0 = Debug|Any CPU
		{3FD64194-6669-478A-B221-6CC19140BA48}.Debug|x86.ActiveCfg = Debug|Any CPU
		{3FD64194-6669-478A-B221-6CC19140BA48}.Debug|x86.Build.0 = Debug|Any CPU
		{3FD64194-6669-478A-B221-6CC19140BA48}.Release|Any CPU.ActiveCfg = Release|Any CPU
		{3FD64194-6669-478A-B221-6CC19140BA48}.Release|Any CPU.Build.0 = Release|Any CPU
		{3FD64194-6669-478A-B221-6CC19140BA48}.Release|Mixed Platforms.ActiveCfg = Release|Any CPU
		{3FD64194-6669-478A-B221-6CC19140BA48}.Release|Mixed Platforms.Build.0 = Release|Any CPU
		{3FD64194-6669-478A-B221-6CC19140BA48}.Release|x86.ActiveCfg = Release|Any CPU
		{3FD64194-6669-478A-B221-6CC19140BA48}.Release|x86.Build.0 = Release|Any CPU
		{733BCD51-ED07-47A7-8F52-598ADFB042A4}.Debug|Any CPU.ActiveCfg = Debug|x86
		{733BCD51-ED07-47A7-8F52-598ADFB042A4}.Debug|Mixed Platforms.ActiveCfg = Debug|x86
		{733BCD51-ED07-47A7-8F52-598ADFB042A4}.Debug|Mixed Platforms.Build.0 = Debug|x86
		{733BCD51-ED07-47A7-8F52-598ADFB042A4}.Debug|x86.ActiveCfg = Debug|x86
		{733BCD51-ED07-47A7-8F52-598ADFB042A4}.Debug|x86.Build.0 = Debug|x86
		{733BCD51-ED07-47A7-8F52-598ADFB042A4}.Release|Any CPU.ActiveCfg = Release|x86
		{733BCD51-ED07-47A7-8F52-598ADFB042A4}.Release|Mixed Platforms.ActiveCfg = Release|x86
		{733BCD51-ED07-47A7-8F52-598ADFB042A4}.Release|Mixed Platforms.Build.0 = Release|x86
		{733BCD51-ED07-47A7-8F52-598ADFB042A4}.Release|x86.ActiveCfg = Release|x86
		{733BCD51-ED07-47A7-8F52-598ADFB042A4}.Release|x86.Build.0 = Release|x86
		{42647CA7-D29E-407A-811D-865270267C0B}.Debug|Any CPU.ActiveCfg = Debug|Any CPU
		{42647CA7-D29E-407A-811D-865270267C0B}.Debug|Any CPU.Build.0 = Debug|Any CPU
		{42647CA7-D29E-407A-811D-865270267C0B}.Debug|Mixed Platforms.ActiveCfg = Debug|Any CPU
		{42647CA7-D29E-407A-811D-865270267C0B}.Debug|Mixed Platforms.Build.0 = Debug|Any CPU
		{42647CA7-D29E-407A-811D-865270267C0B}.Debug|x86.ActiveCfg = Debug|Any CPU
		{42647CA7-D29E-407A-811D-865270267C0B}.Debug|x86.Build.0 = Debug|Any CPU
		{42647CA7-D29E-407A-811D-865270267C0B}.Release|Any CPU.ActiveCfg = Release|Any CPU
		{42647CA7-D29E-407A-811D-865270267C0B}.Release|Any CPU.Build.0 = Release|Any CPU
		{42647CA7-D29E-407A-811D-865270267C0B}.Release|Mixed Platforms.ActiveCfg = Release|Any CPU
		{42647CA7-D29E-407A-811D-865270267C0B}.Release|Mixed Platforms.Build.0 = Release|Any CPU
		{42647CA7-D29E-407A-811D-865270267C0B}.Release|x86.ActiveCfg = Release|Any CPU
		{42647CA7-D29E-407A-811D-865270267C0B}.Release|x86.Build.0 = Release|Any CPU
		{63496134-0CB5-4E79-BE93-056F9BE7E6F6}.Debug|Any CPU.ActiveCfg = Debug|Any CPU
		{63496134-0CB5-4E79-BE93-056F9BE7E6F6}.Debug|Any CPU.Build.0 = Debug|Any CPU
		{63496134-0CB5-4E79-BE93-056F9BE7E6F6}.Debug|Mixed Platforms.ActiveCfg = Debug|Any CPU
		{63496134-0CB5-4E79-BE93-056F9BE7E6F6}.Debug|Mixed Platforms.Build.0 = Debug|Any CPU
		{63496134-0CB5-4E79-BE93-056F9BE7E6F6}.Debug|x86.ActiveCfg = Debug|Any CPU
		{63496134-0CB5-4E79-BE93-056F9BE7E6F6}.Debug|x86.Build.0 = Debug|Any CPU
		{63496134-0CB5-4E79-BE93-056F9BE7E6F6}.Release|Any CPU.ActiveCfg = Release|Any CPU
		{63496134-0CB5-4E79-BE93-056F9BE7E6F6}.Release|Any CPU.Build.0 = Release|Any CPU
		{63496134-0CB5-4E79-BE93-056F9BE7E6F6}.Release|Mixed Platforms.ActiveCfg = Release|Any CPU
		{63496134-0CB5-4E79-BE93-056F9BE7E6F6}.Release|Mixed Platforms.Build.0 = Release|Any CPU
		{63496134-0CB5-4E79-BE93-056F9BE7E6F6}.Release|x86.ActiveCfg = Release|Any CPU
		{63496134-0CB5-4E79-BE93-056F9BE7E6F6}.Release|x86.Build.0 = Release|Any CPU
		{053DC639-9E39-48C8-AB3C-9E98708918E5}.Debug|Any CPU.ActiveCfg = Debug|Any CPU
		{053DC639-9E39-48C8-AB3C-9E98708918E5}.Debug|Any CPU.Build.0 = Debug|Any CPU
		{053DC639-9E39-48C8-AB3C-9E98708918E5}.Debug|Mixed Platforms.ActiveCfg = Debug|Any CPU
		{053DC639-9E39-48C8-AB3C-9E98708918E5}.Debug|Mixed Platforms.Build.0 = Debug|Any CPU
		{053DC639-9E39-48C8-AB3C-9E98708918E5}.Debug|x86.ActiveCfg = Debug|Any CPU
		{053DC639-9E39-48C8-AB3C-9E98708918E5}.Debug|x86.Build.0 = Debug|Any CPU
		{053DC639-9E39-48C8-AB3C-9E98708918E5}.Release|Any CPU.ActiveCfg = Release|Any CPU
		{053DC639-9E39-48C8-AB3C-9E98708918E5}.Release|Any CPU.Build.0 = Release|Any CPU
		{053DC639-9E39-48C8-AB3C-9E98708918E5}.Release|Mixed Platforms.ActiveCfg = Release|Any CPU
		{053DC639-9E39-48C8-AB3C-9E98708918E5}.Release|Mixed Platforms.Build.0 = Release|Any CPU
		{053DC639-9E39-48C8-AB3C-9E98708918E5}.Release|x86.ActiveCfg = Release|Any CPU
		{053DC639-9E39-48C8-AB3C-9E98708918E5}.Release|x86.Build.0 = Release|Any CPU
		{EFAFDF56-3219-41AF-B901-604C0782B8D0}.Debug|Any CPU.ActiveCfg = Debug|Any CPU
		{EFAFDF56-3219-41AF-B901-604C0782B8D0}.Debug|Any CPU.Build.0 = Debug|Any CPU
		{EFAFDF56-3219-41AF-B901-604C0782B8D0}.Debug|Mixed Platforms.ActiveCfg = Debug|Any CPU
		{EFAFDF56-3219-41AF-B901-604C0782B8D0}.Debug|Mixed Platforms.Build.0 = Debug|Any CPU
		{EFAFDF56-3219-41AF-B901-604C0782B8D0}.Debug|x86.ActiveCfg = Debug|Any CPU
		{EFAFDF56-3219-41AF-B901-604C0782B8D0}.Debug|x86.Build.0 = Debug|Any CPU
		{EFAFDF56-3219-41AF-B901-604C0782B8D0}.Release|Any CPU.ActiveCfg = Release|Any CPU
		{EFAFDF56-3219-41AF-B901-604C0782B8D0}.Release|Any CPU.Build.0 = Release|Any CPU
		{EFAFDF56-3219-41AF-B901-604C0782B8D0}.Release|Mixed Platforms.ActiveCfg = Release|Any CPU
		{EFAFDF56-3219-41AF-B901-604C0782B8D0}.Release|Mixed Platforms.Build.0 = Release|Any CPU
		{EFAFDF56-3219-41AF-B901-604C0782B8D0}.Release|x86.ActiveCfg = Release|Any CPU
		{EFAFDF56-3219-41AF-B901-604C0782B8D0}.Release|x86.Build.0 = Release|Any CPU
		{DDCF5692-3FD6-4D66-B9AE-5D7E30592DFF}.Debug|Any CPU.ActiveCfg = Debug|Any CPU
		{DDCF5692-3FD6-4D66-B9AE-5D7E30592DFF}.Debug|Any CPU.Build.0 = Debug|Any CPU
		{DDCF5692-3FD6-4D66-B9AE-5D7E30592DFF}.Debug|Mixed Platforms.ActiveCfg = Debug|Any CPU
		{DDCF5692-3FD6-4D66-B9AE-5D7E30592DFF}.Debug|Mixed Platforms.Build.0 = Debug|Any CPU
		{DDCF5692-3FD6-4D66-B9AE-5D7E30592DFF}.Debug|x86.ActiveCfg = Debug|Any CPU
		{DDCF5692-3FD6-4D66-B9AE-5D7E30592DFF}.Debug|x86.Build.0 = Debug|Any CPU
		{DDCF5692-3FD6-4D66-B9AE-5D7E30592DFF}.Release|Any CPU.ActiveCfg = Release|Any CPU
		{DDCF5692-3FD6-4D66-B9AE-5D7E30592DFF}.Release|Any CPU.Build.0 = Release|Any CPU
		{DDCF5692-3FD6-4D66-B9AE-5D7E30592DFF}.Release|Mixed Platforms.ActiveCfg = Release|Any CPU
		{DDCF5692-3FD6-4D66-B9AE-5D7E30592DFF}.Release|Mixed Platforms.Build.0 = Release|Any CPU
		{DDCF5692-3FD6-4D66-B9AE-5D7E30592DFF}.Release|x86.ActiveCfg = Release|Any CPU
		{DDCF5692-3FD6-4D66-B9AE-5D7E30592DFF}.Release|x86.Build.0 = Release|Any CPU
		{A32498F5-8441-4816-BBD8-78A7D62E23BF}.Debug|Any CPU.ActiveCfg = Debug|Any CPU
		{A32498F5-8441-4816-BBD8-78A7D62E23BF}.Debug|Any CPU.Build.0 = Debug|Any CPU
		{A32498F5-8441-4816-BBD8-78A7D62E23BF}.Debug|Mixed Platforms.ActiveCfg = Debug|Any CPU
		{A32498F5-8441-4816-BBD8-78A7D62E23BF}.Debug|Mixed Platforms.Build.0 = Debug|Any CPU
		{A32498F5-8441-4816-BBD8-78A7D62E23BF}.Debug|x86.ActiveCfg = Debug|Any CPU
		{A32498F5-8441-4816-BBD8-78A7D62E23BF}.Debug|x86.Build.0 = Debug|Any CPU
		{A32498F5-8441-4816-BBD8-78A7D62E23BF}.Release|Any CPU.ActiveCfg = Release|Any CPU
		{A32498F5-8441-4816-BBD8-78A7D62E23BF}.Release|Any CPU.Build.0 = Release|Any CPU
		{A32498F5-8441-4816-BBD8-78A7D62E23BF}.Release|Mixed Platforms.ActiveCfg = Release|Any CPU
		{A32498F5-8441-4816-BBD8-78A7D62E23BF}.Release|Mixed Platforms.Build.0 = Release|Any CPU
		{A32498F5-8441-4816-BBD8-78A7D62E23BF}.Release|x86.ActiveCfg = Release|Any CPU
		{A32498F5-8441-4816-BBD8-78A7D62E23BF}.Release|x86.Build.0 = Release|Any CPU
		{5021D44E-EDBD-450D-8A80-2D720DE2BFC3}.Debug|Any CPU.ActiveCfg = Debug|Any CPU
		{5021D44E-EDBD-450D-8A80-2D720DE2BFC3}.Debug|Any CPU.Build.0 = Debug|Any CPU
		{5021D44E-EDBD-450D-8A80-2D720DE2BFC3}.Debug|Mixed Platforms.ActiveCfg = Debug|Any CPU
		{5021D44E-EDBD-450D-8A80-2D720DE2BFC3}.Debug|Mixed Platforms.Build.0 = Debug|Any CPU
		{5021D44E-EDBD-450D-8A80-2D720DE2BFC3}.Debug|x86.ActiveCfg = Debug|Any CPU
		{5021D44E-EDBD-450D-8A80-2D720DE2BFC3}.Debug|x86.Build.0 = Debug|Any CPU
		{5021D44E-EDBD-450D-8A80-2D720DE2BFC3}.Release|Any CPU.ActiveCfg = Release|Any CPU
		{5021D44E-EDBD-450D-8A80-2D720DE2BFC3}.Release|Any CPU.Build.0 = Release|Any CPU
		{5021D44E-EDBD-450D-8A80-2D720DE2BFC3}.Release|Mixed Platforms.ActiveCfg = Release|Any CPU
		{5021D44E-EDBD-450D-8A80-2D720DE2BFC3}.Release|Mixed Platforms.Build.0 = Release|Any CPU
		{5021D44E-EDBD-450D-8A80-2D720DE2BFC3}.Release|x86.ActiveCfg = Release|Any CPU
		{5021D44E-EDBD-450D-8A80-2D720DE2BFC3}.Release|x86.Build.0 = Release|Any CPU
		{B833F5C5-A442-4F51-B626-01F8D3AB1FC2}.Debug|Any CPU.ActiveCfg = Debug|Any CPU
		{B833F5C5-A442-4F51-B626-01F8D3AB1FC2}.Debug|Any CPU.Build.0 = Debug|Any CPU
		{B833F5C5-A442-4F51-B626-01F8D3AB1FC2}.Debug|Mixed Platforms.ActiveCfg = Debug|Any CPU
		{B833F5C5-A442-4F51-B626-01F8D3AB1FC2}.Debug|Mixed Platforms.Build.0 = Debug|Any CPU
		{B833F5C5-A442-4F51-B626-01F8D3AB1FC2}.Debug|x86.ActiveCfg = Debug|Any CPU
		{B833F5C5-A442-4F51-B626-01F8D3AB1FC2}.Debug|x86.Build.0 = Debug|Any CPU
		{B833F5C5-A442-4F51-B626-01F8D3AB1FC2}.Release|Any CPU.ActiveCfg = Release|Any CPU
		{B833F5C5-A442-4F51-B626-01F8D3AB1FC2}.Release|Any CPU.Build.0 = Release|Any CPU
		{B833F5C5-A442-4F51-B626-01F8D3AB1FC2}.Release|Mixed Platforms.ActiveCfg = Release|Any CPU
		{B833F5C5-A442-4F51-B626-01F8D3AB1FC2}.Release|Mixed Platforms.Build.0 = Release|Any CPU
		{B833F5C5-A442-4F51-B626-01F8D3AB1FC2}.Release|x86.ActiveCfg = Release|Any CPU
		{B833F5C5-A442-4F51-B626-01F8D3AB1FC2}.Release|x86.Build.0 = Release|Any CPU
		{B6C7EE5C-B100-4718-9AEE-C06DE5275D08}.Debug|Any CPU.ActiveCfg = Debug|Any CPU
		{B6C7EE5C-B100-4718-9AEE-C06DE5275D08}.Debug|Any CPU.Build.0 = Debug|Any CPU
		{B6C7EE5C-B100-4718-9AEE-C06DE5275D08}.Debug|Mixed Platforms.ActiveCfg = Debug|Any CPU
		{B6C7EE5C-B100-4718-9AEE-C06DE5275D08}.Debug|Mixed Platforms.Build.0 = Debug|Any CPU
		{B6C7EE5C-B100-4718-9AEE-C06DE5275D08}.Debug|x86.ActiveCfg = Debug|Any CPU
		{B6C7EE5C-B100-4718-9AEE-C06DE5275D08}.Debug|x86.Build.0 = Debug|Any CPU
		{B6C7EE5C-B100-4718-9AEE-C06DE5275D08}.Release|Any CPU.ActiveCfg = Release|Any CPU
		{B6C7EE5C-B100-4718-9AEE-C06DE5275D08}.Release|Any CPU.Build.0 = Release|Any CPU
		{B6C7EE5C-B100-4718-9AEE-C06DE5275D08}.Release|Mixed Platforms.ActiveCfg = Release|Any CPU
		{B6C7EE5C-B100-4718-9AEE-C06DE5275D08}.Release|Mixed Platforms.Build.0 = Release|Any CPU
		{B6C7EE5C-B100-4718-9AEE-C06DE5275D08}.Release|x86.ActiveCfg = Release|Any CPU
		{B6C7EE5C-B100-4718-9AEE-C06DE5275D08}.Release|x86.Build.0 = Release|Any CPU
		{A87C263B-F116-43C7-AFCC-D6D466DE27A6}.Debug|Any CPU.ActiveCfg = Debug|Any CPU
		{A87C263B-F116-43C7-AFCC-D6D466DE27A6}.Debug|Any CPU.Build.0 = Debug|Any CPU
		{A87C263B-F116-43C7-AFCC-D6D466DE27A6}.Debug|Mixed Platforms.ActiveCfg = Debug|Any CPU
		{A87C263B-F116-43C7-AFCC-D6D466DE27A6}.Debug|Mixed Platforms.Build.0 = Debug|Any CPU
		{A87C263B-F116-43C7-AFCC-D6D466DE27A6}.Debug|x86.ActiveCfg = Debug|Any CPU
		{A87C263B-F116-43C7-AFCC-D6D466DE27A6}.Debug|x86.Build.0 = Debug|Any CPU
		{A87C263B-F116-43C7-AFCC-D6D466DE27A6}.Release|Any CPU.ActiveCfg = Release|Any CPU
		{A87C263B-F116-43C7-AFCC-D6D466DE27A6}.Release|Any CPU.Build.0 = Release|Any CPU
		{A87C263B-F116-43C7-AFCC-D6D466DE27A6}.Release|Mixed Platforms.ActiveCfg = Release|Any CPU
		{A87C263B-F116-43C7-AFCC-D6D466DE27A6}.Release|Mixed Platforms.Build.0 = Release|Any CPU
		{A87C263B-F116-43C7-AFCC-D6D466DE27A6}.Release|x86.ActiveCfg = Release|Any CPU
		{A87C263B-F116-43C7-AFCC-D6D466DE27A6}.Release|x86.Build.0 = Release|Any CPU
		{555C7442-41DC-4921-819C-0F1CED101566}.Debug|Any CPU.ActiveCfg = Debug|Any CPU
		{555C7442-41DC-4921-819C-0F1CED101566}.Debug|Any CPU.Build.0 = Debug|Any CPU
		{555C7442-41DC-4921-819C-0F1CED101566}.Debug|Mixed Platforms.ActiveCfg = Debug|Any CPU
		{555C7442-41DC-4921-819C-0F1CED101566}.Debug|Mixed Platforms.Build.0 = Debug|Any CPU
		{555C7442-41DC-4921-819C-0F1CED101566}.Debug|x86.ActiveCfg = Debug|Any CPU
		{555C7442-41DC-4921-819C-0F1CED101566}.Debug|x86.Build.0 = Debug|Any CPU
		{555C7442-41DC-4921-819C-0F1CED101566}.Release|Any CPU.ActiveCfg = Release|Any CPU
		{555C7442-41DC-4921-819C-0F1CED101566}.Release|Any CPU.Build.0 = Release|Any CPU
		{555C7442-41DC-4921-819C-0F1CED101566}.Release|Mixed Platforms.ActiveCfg = Release|Any CPU
		{555C7442-41DC-4921-819C-0F1CED101566}.Release|Mixed Platforms.Build.0 = Release|Any CPU
		{555C7442-41DC-4921-819C-0F1CED101566}.Release|x86.ActiveCfg = Release|Any CPU
		{555C7442-41DC-4921-819C-0F1CED101566}.Release|x86.Build.0 = Release|Any CPU
		{02114BB1-72DC-49C0-A6C7-720DB3D41C13}.Debug|Any CPU.ActiveCfg = Debug|Any CPU
		{02114BB1-72DC-49C0-A6C7-720DB3D41C13}.Debug|Any CPU.Build.0 = Debug|Any CPU
		{02114BB1-72DC-49C0-A6C7-720DB3D41C13}.Debug|Mixed Platforms.ActiveCfg = Debug|Any CPU
		{02114BB1-72DC-49C0-A6C7-720DB3D41C13}.Debug|Mixed Platforms.Build.0 = Debug|Any CPU
		{02114BB1-72DC-49C0-A6C7-720DB3D41C13}.Debug|x86.ActiveCfg = Debug|Any CPU
		{02114BB1-72DC-49C0-A6C7-720DB3D41C13}.Debug|x86.Build.0 = Debug|Any CPU
		{02114BB1-72DC-49C0-A6C7-720DB3D41C13}.Release|Any CPU.ActiveCfg = Release|Any CPU
		{02114BB1-72DC-49C0-A6C7-720DB3D41C13}.Release|Any CPU.Build.0 = Release|Any CPU
		{02114BB1-72DC-49C0-A6C7-720DB3D41C13}.Release|Mixed Platforms.ActiveCfg = Release|Any CPU
		{02114BB1-72DC-49C0-A6C7-720DB3D41C13}.Release|Mixed Platforms.Build.0 = Release|Any CPU
		{02114BB1-72DC-49C0-A6C7-720DB3D41C13}.Release|x86.ActiveCfg = Release|Any CPU
		{02114BB1-72DC-49C0-A6C7-720DB3D41C13}.Release|x86.Build.0 = Release|Any CPU
		{C2C62FA3-2639-49DB-9AE6-B5EED250B46C}.Debug|Any CPU.ActiveCfg = Debug|Any CPU
		{C2C62FA3-2639-49DB-9AE6-B5EED250B46C}.Debug|Any CPU.Build.0 = Debug|Any CPU
		{C2C62FA3-2639-49DB-9AE6-B5EED250B46C}.Debug|Mixed Platforms.ActiveCfg = Debug|Any CPU
		{C2C62FA3-2639-49DB-9AE6-B5EED250B46C}.Debug|Mixed Platforms.Build.0 = Debug|Any CPU
		{C2C62FA3-2639-49DB-9AE6-B5EED250B46C}.Debug|x86.ActiveCfg = Debug|Any CPU
		{C2C62FA3-2639-49DB-9AE6-B5EED250B46C}.Debug|x86.Build.0 = Debug|Any CPU
		{C2C62FA3-2639-49DB-9AE6-B5EED250B46C}.Release|Any CPU.ActiveCfg = Release|Any CPU
		{C2C62FA3-2639-49DB-9AE6-B5EED250B46C}.Release|Any CPU.Build.0 = Release|Any CPU
		{C2C62FA3-2639-49DB-9AE6-B5EED250B46C}.Release|Mixed Platforms.ActiveCfg = Release|Any CPU
		{C2C62FA3-2639-49DB-9AE6-B5EED250B46C}.Release|Mixed Platforms.Build.0 = Release|Any CPU
		{C2C62FA3-2639-49DB-9AE6-B5EED250B46C}.Release|x86.ActiveCfg = Release|Any CPU
		{C2C62FA3-2639-49DB-9AE6-B5EED250B46C}.Release|x86.Build.0 = Release|Any CPU
		{3B139273-6705-4871-A0FB-ADFE2601EF30}.Debug|Any CPU.ActiveCfg = Debug|Any CPU
		{3B139273-6705-4871-A0FB-ADFE2601EF30}.Debug|Any CPU.Build.0 = Debug|Any CPU
		{3B139273-6705-4871-A0FB-ADFE2601EF30}.Debug|Mixed Platforms.ActiveCfg = Debug|Any CPU
		{3B139273-6705-4871-A0FB-ADFE2601EF30}.Debug|Mixed Platforms.Build.0 = Debug|Any CPU
		{3B139273-6705-4871-A0FB-ADFE2601EF30}.Debug|x86.ActiveCfg = Debug|Any CPU
		{3B139273-6705-4871-A0FB-ADFE2601EF30}.Debug|x86.Build.0 = Debug|Any CPU
		{3B139273-6705-4871-A0FB-ADFE2601EF30}.Release|Any CPU.ActiveCfg = Release|Any CPU
		{3B139273-6705-4871-A0FB-ADFE2601EF30}.Release|Any CPU.Build.0 = Release|Any CPU
		{3B139273-6705-4871-A0FB-ADFE2601EF30}.Release|Mixed Platforms.ActiveCfg = Release|Any CPU
		{3B139273-6705-4871-A0FB-ADFE2601EF30}.Release|Mixed Platforms.Build.0 = Release|Any CPU
		{3B139273-6705-4871-A0FB-ADFE2601EF30}.Release|x86.ActiveCfg = Release|Any CPU
		{3B139273-6705-4871-A0FB-ADFE2601EF30}.Release|x86.Build.0 = Release|Any CPU
		{DB8F6B70-ED47-4B90-ADA8-A0E7954924AC}.Debug|Any CPU.ActiveCfg = Debug|Any CPU
		{DB8F6B70-ED47-4B90-ADA8-A0E7954924AC}.Debug|Any CPU.Build.0 = Debug|Any CPU
		{DB8F6B70-ED47-4B90-ADA8-A0E7954924AC}.Debug|Mixed Platforms.ActiveCfg = Debug|Any CPU
		{DB8F6B70-ED47-4B90-ADA8-A0E7954924AC}.Debug|Mixed Platforms.Build.0 = Debug|Any CPU
		{DB8F6B70-ED47-4B90-ADA8-A0E7954924AC}.Debug|x86.ActiveCfg = Debug|Any CPU
		{DB8F6B70-ED47-4B90-ADA8-A0E7954924AC}.Debug|x86.Build.0 = Debug|Any CPU
		{DB8F6B70-ED47-4B90-ADA8-A0E7954924AC}.Release|Any CPU.ActiveCfg = Release|Any CPU
		{DB8F6B70-ED47-4B90-ADA8-A0E7954924AC}.Release|Any CPU.Build.0 = Release|Any CPU
		{DB8F6B70-ED47-4B90-ADA8-A0E7954924AC}.Release|Mixed Platforms.ActiveCfg = Release|Any CPU
		{DB8F6B70-ED47-4B90-ADA8-A0E7954924AC}.Release|Mixed Platforms.Build.0 = Release|Any CPU
		{DB8F6B70-ED47-4B90-ADA8-A0E7954924AC}.Release|x86.ActiveCfg = Release|Any CPU
		{DB8F6B70-ED47-4B90-ADA8-A0E7954924AC}.Release|x86.Build.0 = Release|Any CPU
		{480AF25B-191F-4413-88A1-F589F0D8D037}.Debug|Any CPU.ActiveCfg = Debug|Any CPU
		{480AF25B-191F-4413-88A1-F589F0D8D037}.Debug|Any CPU.Build.0 = Debug|Any CPU
		{480AF25B-191F-4413-88A1-F589F0D8D037}.Debug|Mixed Platforms.ActiveCfg = Debug|Any CPU
		{480AF25B-191F-4413-88A1-F589F0D8D037}.Debug|Mixed Platforms.Build.0 = Debug|Any CPU
		{480AF25B-191F-4413-88A1-F589F0D8D037}.Debug|x86.ActiveCfg = Debug|Any CPU
		{480AF25B-191F-4413-88A1-F589F0D8D037}.Debug|x86.Build.0 = Debug|Any CPU
		{480AF25B-191F-4413-88A1-F589F0D8D037}.Release|Any CPU.ActiveCfg = Release|Any CPU
		{480AF25B-191F-4413-88A1-F589F0D8D037}.Release|Any CPU.Build.0 = Release|Any CPU
		{480AF25B-191F-4413-88A1-F589F0D8D037}.Release|Mixed Platforms.ActiveCfg = Release|Any CPU
		{480AF25B-191F-4413-88A1-F589F0D8D037}.Release|Mixed Platforms.Build.0 = Release|Any CPU
		{480AF25B-191F-4413-88A1-F589F0D8D037}.Release|x86.ActiveCfg = Release|Any CPU
		{480AF25B-191F-4413-88A1-F589F0D8D037}.Release|x86.Build.0 = Release|Any CPU
		{18A3A09D-8D73-4F2A-B291-FDD3D1CF738D}.Debug|Any CPU.ActiveCfg = Debug|Any CPU
		{18A3A09D-8D73-4F2A-B291-FDD3D1CF738D}.Debug|Any CPU.Build.0 = Debug|Any CPU
		{18A3A09D-8D73-4F2A-B291-FDD3D1CF738D}.Debug|Mixed Platforms.ActiveCfg = Debug|Any CPU
		{18A3A09D-8D73-4F2A-B291-FDD3D1CF738D}.Debug|Mixed Platforms.Build.0 = Debug|Any CPU
		{18A3A09D-8D73-4F2A-B291-FDD3D1CF738D}.Debug|x86.ActiveCfg = Debug|Any CPU
		{18A3A09D-8D73-4F2A-B291-FDD3D1CF738D}.Debug|x86.Build.0 = Debug|Any CPU
		{18A3A09D-8D73-4F2A-B291-FDD3D1CF738D}.Release|Any CPU.ActiveCfg = Release|Any CPU
		{18A3A09D-8D73-4F2A-B291-FDD3D1CF738D}.Release|Any CPU.Build.0 = Release|Any CPU
		{18A3A09D-8D73-4F2A-B291-FDD3D1CF738D}.Release|Mixed Platforms.ActiveCfg = Release|Any CPU
		{18A3A09D-8D73-4F2A-B291-FDD3D1CF738D}.Release|Mixed Platforms.Build.0 = Release|Any CPU
		{18A3A09D-8D73-4F2A-B291-FDD3D1CF738D}.Release|x86.ActiveCfg = Release|Any CPU
		{18A3A09D-8D73-4F2A-B291-FDD3D1CF738D}.Release|x86.Build.0 = Release|Any CPU
		{C982C1E2-0A28-4CBC-96A2-586E125E1E5B}.Debug|Any CPU.ActiveCfg = Debug|Any CPU
		{C982C1E2-0A28-4CBC-96A2-586E125E1E5B}.Debug|Any CPU.Build.0 = Debug|Any CPU
		{C982C1E2-0A28-4CBC-96A2-586E125E1E5B}.Debug|Mixed Platforms.ActiveCfg = Debug|Any CPU
		{C982C1E2-0A28-4CBC-96A2-586E125E1E5B}.Debug|Mixed Platforms.Build.0 = Debug|Any CPU
		{C982C1E2-0A28-4CBC-96A2-586E125E1E5B}.Debug|x86.ActiveCfg = Debug|Any CPU
		{C982C1E2-0A28-4CBC-96A2-586E125E1E5B}.Debug|x86.Build.0 = Debug|Any CPU
		{C982C1E2-0A28-4CBC-96A2-586E125E1E5B}.Release|Any CPU.ActiveCfg = Release|Any CPU
		{C982C1E2-0A28-4CBC-96A2-586E125E1E5B}.Release|Any CPU.Build.0 = Release|Any CPU
		{C982C1E2-0A28-4CBC-96A2-586E125E1E5B}.Release|Mixed Platforms.ActiveCfg = Release|Any CPU
		{C982C1E2-0A28-4CBC-96A2-586E125E1E5B}.Release|Mixed Platforms.Build.0 = Release|Any CPU
		{C982C1E2-0A28-4CBC-96A2-586E125E1E5B}.Release|x86.ActiveCfg = Release|Any CPU
		{C982C1E2-0A28-4CBC-96A2-586E125E1E5B}.Release|x86.Build.0 = Release|Any CPU
		{16E4987C-7B29-47FD-9B93-65F5EDDFC97A}.Debug|Any CPU.ActiveCfg = Debug|Any CPU
		{16E4987C-7B29-47FD-9B93-65F5EDDFC97A}.Debug|Any CPU.Build.0 = Debug|Any CPU
		{16E4987C-7B29-47FD-9B93-65F5EDDFC97A}.Debug|Mixed Platforms.ActiveCfg = Debug|Any CPU
		{16E4987C-7B29-47FD-9B93-65F5EDDFC97A}.Debug|Mixed Platforms.Build.0 = Debug|Any CPU
		{16E4987C-7B29-47FD-9B93-65F5EDDFC97A}.Debug|x86.ActiveCfg = Debug|Any CPU
		{16E4987C-7B29-47FD-9B93-65F5EDDFC97A}.Debug|x86.Build.0 = Debug|Any CPU
		{16E4987C-7B29-47FD-9B93-65F5EDDFC97A}.Release|Any CPU.ActiveCfg = Release|Any CPU
		{16E4987C-7B29-47FD-9B93-65F5EDDFC97A}.Release|Any CPU.Build.0 = Release|Any CPU
		{16E4987C-7B29-47FD-9B93-65F5EDDFC97A}.Release|Mixed Platforms.ActiveCfg = Release|Any CPU
		{16E4987C-7B29-47FD-9B93-65F5EDDFC97A}.Release|Mixed Platforms.Build.0 = Release|Any CPU
		{16E4987C-7B29-47FD-9B93-65F5EDDFC97A}.Release|x86.ActiveCfg = Release|Any CPU
		{16E4987C-7B29-47FD-9B93-65F5EDDFC97A}.Release|x86.Build.0 = Release|Any CPU
		{B439A3EA-1B8B-481E-9F01-3A4C0413E6A3}.Debug|Any CPU.ActiveCfg = Debug|x86
		{B439A3EA-1B8B-481E-9F01-3A4C0413E6A3}.Debug|Mixed Platforms.ActiveCfg = Debug|x86
		{B439A3EA-1B8B-481E-9F01-3A4C0413E6A3}.Debug|Mixed Platforms.Build.0 = Debug|x86
		{B439A3EA-1B8B-481E-9F01-3A4C0413E6A3}.Debug|x86.ActiveCfg = Debug|x86
		{B439A3EA-1B8B-481E-9F01-3A4C0413E6A3}.Debug|x86.Build.0 = Debug|x86
		{B439A3EA-1B8B-481E-9F01-3A4C0413E6A3}.Release|Any CPU.ActiveCfg = Release|x86
		{B439A3EA-1B8B-481E-9F01-3A4C0413E6A3}.Release|Mixed Platforms.ActiveCfg = Release|x86
		{B439A3EA-1B8B-481E-9F01-3A4C0413E6A3}.Release|Mixed Platforms.Build.0 = Release|x86
		{B439A3EA-1B8B-481E-9F01-3A4C0413E6A3}.Release|x86.ActiveCfg = Release|x86
		{B439A3EA-1B8B-481E-9F01-3A4C0413E6A3}.Release|x86.Build.0 = Release|x86
		{B91076B1-0734-4F2D-AFEA-5BF10672280C}.Debug|Any CPU.ActiveCfg = Debug|Any CPU
		{B91076B1-0734-4F2D-AFEA-5BF10672280C}.Debug|Any CPU.Build.0 = Debug|Any CPU
		{B91076B1-0734-4F2D-AFEA-5BF10672280C}.Debug|Mixed Platforms.ActiveCfg = Debug|Any CPU
		{B91076B1-0734-4F2D-AFEA-5BF10672280C}.Debug|Mixed Platforms.Build.0 = Debug|Any CPU
		{B91076B1-0734-4F2D-AFEA-5BF10672280C}.Debug|x86.ActiveCfg = Debug|Any CPU
		{B91076B1-0734-4F2D-AFEA-5BF10672280C}.Debug|x86.Build.0 = Debug|Any CPU
		{B91076B1-0734-4F2D-AFEA-5BF10672280C}.Release|Any CPU.ActiveCfg = Release|Any CPU
		{B91076B1-0734-4F2D-AFEA-5BF10672280C}.Release|Any CPU.Build.0 = Release|Any CPU
		{B91076B1-0734-4F2D-AFEA-5BF10672280C}.Release|Mixed Platforms.ActiveCfg = Release|Any CPU
		{B91076B1-0734-4F2D-AFEA-5BF10672280C}.Release|Mixed Platforms.Build.0 = Release|Any CPU
		{B91076B1-0734-4F2D-AFEA-5BF10672280C}.Release|x86.ActiveCfg = Release|Any CPU
		{B91076B1-0734-4F2D-AFEA-5BF10672280C}.Release|x86.Build.0 = Release|Any CPU
		{4E97BB5E-500D-469D-B0B4-24ACE1417061}.Debug|Any CPU.ActiveCfg = Debug|Any CPU
		{4E97BB5E-500D-469D-B0B4-24ACE1417061}.Debug|Any CPU.Build.0 = Debug|Any CPU
		{4E97BB5E-500D-469D-B0B4-24ACE1417061}.Debug|Mixed Platforms.ActiveCfg = Debug|Any CPU
		{4E97BB5E-500D-469D-B0B4-24ACE1417061}.Debug|Mixed Platforms.Build.0 = Debug|Any CPU
		{4E97BB5E-500D-469D-B0B4-24ACE1417061}.Debug|x86.ActiveCfg = Debug|Any CPU
		{4E97BB5E-500D-469D-B0B4-24ACE1417061}.Debug|x86.Build.0 = Debug|Any CPU
		{4E97BB5E-500D-469D-B0B4-24ACE1417061}.Release|Any CPU.ActiveCfg = Release|Any CPU
		{4E97BB5E-500D-469D-B0B4-24ACE1417061}.Release|Any CPU.Build.0 = Release|Any CPU
		{4E97BB5E-500D-469D-B0B4-24ACE1417061}.Release|Mixed Platforms.ActiveCfg = Release|Any CPU
		{4E97BB5E-500D-469D-B0B4-24ACE1417061}.Release|Mixed Platforms.Build.0 = Release|Any CPU
		{4E97BB5E-500D-469D-B0B4-24ACE1417061}.Release|x86.ActiveCfg = Release|Any CPU
		{4E97BB5E-500D-469D-B0B4-24ACE1417061}.Release|x86.Build.0 = Release|Any CPU
		{CE5DB715-84ED-4939-A872-945E30E20CDF}.Debug|Any CPU.ActiveCfg = Debug|Any CPU
		{CE5DB715-84ED-4939-A872-945E30E20CDF}.Debug|Any CPU.Build.0 = Debug|Any CPU
		{CE5DB715-84ED-4939-A872-945E30E20CDF}.Debug|Mixed Platforms.ActiveCfg = Debug|Any CPU
		{CE5DB715-84ED-4939-A872-945E30E20CDF}.Debug|Mixed Platforms.Build.0 = Debug|Any CPU
		{CE5DB715-84ED-4939-A872-945E30E20CDF}.Debug|x86.ActiveCfg = Debug|Any CPU
		{CE5DB715-84ED-4939-A872-945E30E20CDF}.Debug|x86.Build.0 = Debug|Any CPU
		{CE5DB715-84ED-4939-A872-945E30E20CDF}.Release|Any CPU.ActiveCfg = Release|Any CPU
		{CE5DB715-84ED-4939-A872-945E30E20CDF}.Release|Any CPU.Build.0 = Release|Any CPU
		{CE5DB715-84ED-4939-A872-945E30E20CDF}.Release|Mixed Platforms.ActiveCfg = Release|Any CPU
		{CE5DB715-84ED-4939-A872-945E30E20CDF}.Release|Mixed Platforms.Build.0 = Release|Any CPU
		{CE5DB715-84ED-4939-A872-945E30E20CDF}.Release|x86.ActiveCfg = Release|Any CPU
		{CE5DB715-84ED-4939-A872-945E30E20CDF}.Release|x86.Build.0 = Release|Any CPU
		{CCDA7221-CD6B-4153-B6AD-A591F91DA25E}.Debug|Any CPU.ActiveCfg = Debug|x86
		{CCDA7221-CD6B-4153-B6AD-A591F91DA25E}.Debug|Mixed Platforms.ActiveCfg = Debug|x86
		{CCDA7221-CD6B-4153-B6AD-A591F91DA25E}.Debug|Mixed Platforms.Build.0 = Debug|x86
		{CCDA7221-CD6B-4153-B6AD-A591F91DA25E}.Debug|x86.ActiveCfg = Debug|x86
		{CCDA7221-CD6B-4153-B6AD-A591F91DA25E}.Debug|x86.Build.0 = Debug|x86
		{CCDA7221-CD6B-4153-B6AD-A591F91DA25E}.Release|Any CPU.ActiveCfg = Release|x86
		{CCDA7221-CD6B-4153-B6AD-A591F91DA25E}.Release|Mixed Platforms.ActiveCfg = Release|x86
		{CCDA7221-CD6B-4153-B6AD-A591F91DA25E}.Release|Mixed Platforms.Build.0 = Release|x86
		{CCDA7221-CD6B-4153-B6AD-A591F91DA25E}.Release|x86.ActiveCfg = Release|x86
		{CCDA7221-CD6B-4153-B6AD-A591F91DA25E}.Release|x86.Build.0 = Release|x86
		{E1005E27-1BD3-4C68-8BE8-B6E3B8F2B8B3}.Debug|Any CPU.ActiveCfg = Debug|Any CPU
		{E1005E27-1BD3-4C68-8BE8-B6E3B8F2B8B3}.Debug|Any CPU.Build.0 = Debug|Any CPU
		{E1005E27-1BD3-4C68-8BE8-B6E3B8F2B8B3}.Debug|Mixed Platforms.ActiveCfg = Debug|Any CPU
		{E1005E27-1BD3-4C68-8BE8-B6E3B8F2B8B3}.Debug|Mixed Platforms.Build.0 = Debug|Any CPU
		{E1005E27-1BD3-4C68-8BE8-B6E3B8F2B8B3}.Debug|x86.ActiveCfg = Debug|Any CPU
		{E1005E27-1BD3-4C68-8BE8-B6E3B8F2B8B3}.Debug|x86.Build.0 = Debug|Any CPU
		{E1005E27-1BD3-4C68-8BE8-B6E3B8F2B8B3}.Release|Any CPU.ActiveCfg = Release|Any CPU
		{E1005E27-1BD3-4C68-8BE8-B6E3B8F2B8B3}.Release|Any CPU.Build.0 = Release|Any CPU
		{E1005E27-1BD3-4C68-8BE8-B6E3B8F2B8B3}.Release|Mixed Platforms.ActiveCfg = Release|Any CPU
		{E1005E27-1BD3-4C68-8BE8-B6E3B8F2B8B3}.Release|Mixed Platforms.Build.0 = Release|Any CPU
		{E1005E27-1BD3-4C68-8BE8-B6E3B8F2B8B3}.Release|x86.ActiveCfg = Release|Any CPU
		{E1005E27-1BD3-4C68-8BE8-B6E3B8F2B8B3}.Release|x86.Build.0 = Release|Any CPU
		{43A14839-15CF-4809-850E-A3468C8B0B21}.Debug|Any CPU.ActiveCfg = Debug|Any CPU
		{43A14839-15CF-4809-850E-A3468C8B0B21}.Debug|Any CPU.Build.0 = Debug|Any CPU
		{43A14839-15CF-4809-850E-A3468C8B0B21}.Debug|Mixed Platforms.ActiveCfg = Debug|Any CPU
		{43A14839-15CF-4809-850E-A3468C8B0B21}.Debug|Mixed Platforms.Build.0 = Debug|Any CPU
		{43A14839-15CF-4809-850E-A3468C8B0B21}.Debug|x86.ActiveCfg = Debug|Any CPU
		{43A14839-15CF-4809-850E-A3468C8B0B21}.Debug|x86.Build.0 = Debug|Any CPU
		{43A14839-15CF-4809-850E-A3468C8B0B21}.Release|Any CPU.ActiveCfg = Release|Any CPU
		{43A14839-15CF-4809-850E-A3468C8B0B21}.Release|Any CPU.Build.0 = Release|Any CPU
		{43A14839-15CF-4809-850E-A3468C8B0B21}.Release|Mixed Platforms.ActiveCfg = Release|Any CPU
		{43A14839-15CF-4809-850E-A3468C8B0B21}.Release|Mixed Platforms.Build.0 = Release|Any CPU
		{43A14839-15CF-4809-850E-A3468C8B0B21}.Release|x86.ActiveCfg = Release|Any CPU
		{43A14839-15CF-4809-850E-A3468C8B0B21}.Release|x86.Build.0 = Release|Any CPU
		{837FE935-490F-4902-A31E-D44024FBE4AB}.Debug|Any CPU.ActiveCfg = Debug|Any CPU
		{837FE935-490F-4902-A31E-D44024FBE4AB}.Debug|Any CPU.Build.0 = Debug|Any CPU
		{837FE935-490F-4902-A31E-D44024FBE4AB}.Debug|Mixed Platforms.ActiveCfg = Debug|Any CPU
		{837FE935-490F-4902-A31E-D44024FBE4AB}.Debug|Mixed Platforms.Build.0 = Debug|Any CPU
		{837FE935-490F-4902-A31E-D44024FBE4AB}.Debug|x86.ActiveCfg = Debug|Any CPU
		{837FE935-490F-4902-A31E-D44024FBE4AB}.Debug|x86.Build.0 = Debug|Any CPU
		{837FE935-490F-4902-A31E-D44024FBE4AB}.Release|Any CPU.ActiveCfg = Release|Any CPU
		{837FE935-490F-4902-A31E-D44024FBE4AB}.Release|Any CPU.Build.0 = Release|Any CPU
		{837FE935-490F-4902-A31E-D44024FBE4AB}.Release|Mixed Platforms.ActiveCfg = Release|Any CPU
		{837FE935-490F-4902-A31E-D44024FBE4AB}.Release|Mixed Platforms.Build.0 = Release|Any CPU
		{837FE935-490F-4902-A31E-D44024FBE4AB}.Release|x86.ActiveCfg = Release|Any CPU
		{837FE935-490F-4902-A31E-D44024FBE4AB}.Release|x86.Build.0 = Release|Any CPU
	EndGlobalSection
	GlobalSection(SolutionProperties) = preSolution
		HideSolutionNode = FALSE
	EndGlobalSection
	GlobalSection(NestedProjects) = preSolution
		{87548CDA-E8B8-47C5-917B-637994026332} = {2A296BCB-28B6-42EC-BA9F-A008A064DBE5}
		{0FFFF3C0-B468-4D53-95C9-C8AB77219B27} = {2A296BCB-28B6-42EC-BA9F-A008A064DBE5}
		{CA4DAEEE-797A-46FA-8B62-DE678FC0160D} = {0B1D26F2-0DC1-4D35-8996-D8C2CA55CE2F}
		{3C8A65E1-CD34-489C-B7AC-0592DCE74A90} = {2A296BCB-28B6-42EC-BA9F-A008A064DBE5}
		{1A1BD7ED-0CD2-46B7-B135-88A54FCA33C6} = {44CF23E7-D57D-4B7C-8086-1DA3F82D0ADC}
		{EB334C7B-6CF1-4ED8-ABFB-A41D46566F8A} = {44CF23E7-D57D-4B7C-8086-1DA3F82D0ADC}
		{33BC44CB-2427-42E2-A9DA-D57D80519760} = {44CF23E7-D57D-4B7C-8086-1DA3F82D0ADC}
		{B989C9E9-64D4-42C5-A2EA-C8347A1BA723} = {44CF23E7-D57D-4B7C-8086-1DA3F82D0ADC}
		{462D6461-F2A0-4058-96E3-64677A31B1E8} = {44CF23E7-D57D-4B7C-8086-1DA3F82D0ADC}
		{C7ED9DE4-7073-4DCF-9513-D9EA6E86E537} = {4A13687F-6CAB-4973-865A-15A94AFFF878}
		{5C59D27E-2F1E-4AA9-88BC-789ABF93281D} = {4A13687F-6CAB-4973-865A-15A94AFFF878}
		{150B2973-7C54-4E2E-9B1F-29B98789E886} = {BFC9340E-1647-4E18-98E2-EFF3EA3E983F}
		{D876EE31-D4E2-4A84-BB70-C30CD79DE8D9} = {1B121B9D-3035-4851-AB6D-70E96FCFA5A7}
		{BFDBEC15-26C5-4C8E-999A-36C7FF694159} = {0FFFF3C0-B468-4D53-95C9-C8AB77219B27}
		{6CA13ACB-9FF5-4068-85F3-A89314CA309B} = {0FFFF3C0-B468-4D53-95C9-C8AB77219B27}
		{95E357C6-CF73-4883-8784-7AEA5E364527} = {4A13687F-6CAB-4973-865A-15A94AFFF878}
		{AC43A85A-DD9D-47B1-AECD-13D1931018AC} = {0FFFF3C0-B468-4D53-95C9-C8AB77219B27}
		{C3671533-AFD5-4D2F-B734-B4D9EAE7FD88} = {0FFFF3C0-B468-4D53-95C9-C8AB77219B27}
		{3B5DE80D-D71A-4503-8BF1-F3853035B894} = {0FFFF3C0-B468-4D53-95C9-C8AB77219B27}
		{37CDE48A-63F0-471C-8324-B663DE64BA02} = {0FFFF3C0-B468-4D53-95C9-C8AB77219B27}
		{A745C38A-8BCA-4CD3-A616-794762A37973} = {0FFFF3C0-B468-4D53-95C9-C8AB77219B27}
		{55E86BF9-5DE3-4664-9C29-20DD2AA9A243} = {0FFFF3C0-B468-4D53-95C9-C8AB77219B27}
		{AEC4E11B-F0A9-4387-82AB-54B7EBAFF95C} = {0FFFF3C0-B468-4D53-95C9-C8AB77219B27}
		{B175D169-8F44-44D2-82DE-10AFC8C2A97D} = {3C8A65E1-CD34-489C-B7AC-0592DCE74A90}
		{D846514C-31A9-44AD-83DC-D396157C4F1A} = {0B1D26F2-0DC1-4D35-8996-D8C2CA55CE2F}
		{7F793E6F-3969-4F4D-87E6-B71A6E9BFBA7} = {0B1D26F2-0DC1-4D35-8996-D8C2CA55CE2F}
		{6FCC2F72-C70A-4A00-9B21-7D9889A720F9} = {2A296BCB-28B6-42EC-BA9F-A008A064DBE5}
		{E061610E-4903-473A-9D3E-D8E41A43A407} = {57EB8C3F-666A-429F-A351-23A6BEAD290D}
		{FE74356F-3414-4297-830A-4EBF3DB3039C} = {D846514C-31A9-44AD-83DC-D396157C4F1A}
		{E8DBBE12-B653-420F-B4B8-4D3F09CC4976} = {7F793E6F-3969-4F4D-87E6-B71A6E9BFBA7}
		{1B8BCADF-0477-46C3-AC8C-69FD8F6AD2B3} = {7F793E6F-3969-4F4D-87E6-B71A6E9BFBA7}
		{CAF249DF-B4DC-4684-AFB7-1FBBF37E4540} = {6FCC2F72-C70A-4A00-9B21-7D9889A720F9}
		{5B8F9226-9A8F-44C1-9EC1-E78FB18214A2} = {87548CDA-E8B8-47C5-917B-637994026332}
		{8A8DDF8D-D816-40B2-936B-3C525C6E1641} = {87548CDA-E8B8-47C5-917B-637994026332}
		{2CFE8153-22F8-4471-96F4-D392363AEC3D} = {87548CDA-E8B8-47C5-917B-637994026332}
		{DA603F59-D44E-4602-9C75-1219BBB2F8EA} = {87548CDA-E8B8-47C5-917B-637994026332}
		{FAE91540-A3F7-4EB1-8353-2298FC0BE40B} = {87548CDA-E8B8-47C5-917B-637994026332}
		{E4365200-AD34-40B9-BF7D-EE1B078B8908} = {87548CDA-E8B8-47C5-917B-637994026332}
		{3FD64194-6669-478A-B221-6CC19140BA48} = {0FFFF3C0-B468-4D53-95C9-C8AB77219B27}
		{733BCD51-ED07-47A7-8F52-598ADFB042A4} = {CA4DAEEE-797A-46FA-8B62-DE678FC0160D}
		{42647CA7-D29E-407A-811D-865270267C0B} = {CA4DAEEE-797A-46FA-8B62-DE678FC0160D}
		{63496134-0CB5-4E79-BE93-056F9BE7E6F6} = {3C8A65E1-CD34-489C-B7AC-0592DCE74A90}
		{053DC639-9E39-48C8-AB3C-9E98708918E5} = {3C8A65E1-CD34-489C-B7AC-0592DCE74A90}
		{EFAFDF56-3219-41AF-B901-604C0782B8D0} = {3C8A65E1-CD34-489C-B7AC-0592DCE74A90}
		{DDCF5692-3FD6-4D66-B9AE-5D7E30592DFF} = {3C8A65E1-CD34-489C-B7AC-0592DCE74A90}
		{A32498F5-8441-4816-BBD8-78A7D62E23BF} = {3C8A65E1-CD34-489C-B7AC-0592DCE74A90}
		{5021D44E-EDBD-450D-8A80-2D720DE2BFC3} = {3C8A65E1-CD34-489C-B7AC-0592DCE74A90}
		{B833F5C5-A442-4F51-B626-01F8D3AB1FC2} = {3C8A65E1-CD34-489C-B7AC-0592DCE74A90}
		{B6C7EE5C-B100-4718-9AEE-C06DE5275D08} = {BFC9340E-1647-4E18-98E2-EFF3EA3E983F}
		{A87C263B-F116-43C7-AFCC-D6D466DE27A6} = {3C8A65E1-CD34-489C-B7AC-0592DCE74A90}
		{555C7442-41DC-4921-819C-0F1CED101566} = {3C8A65E1-CD34-489C-B7AC-0592DCE74A90}
		{02114BB1-72DC-49C0-A6C7-720DB3D41C13} = {3C8A65E1-CD34-489C-B7AC-0592DCE74A90}
		{C2C62FA3-2639-49DB-9AE6-B5EED250B46C} = {7F793E6F-3969-4F4D-87E6-B71A6E9BFBA7}
		{3B139273-6705-4871-A0FB-ADFE2601EF30} = {7F793E6F-3969-4F4D-87E6-B71A6E9BFBA7}
		{2520922B-31CA-465D-8F12-7480700DFC42} = {B3BEFE4A-2B6E-458D-B4A5-A8257CA779A8}
		{DB8F6B70-ED47-4B90-ADA8-A0E7954924AC} = {0FFFF3C0-B468-4D53-95C9-C8AB77219B27}
		{480AF25B-191F-4413-88A1-F589F0D8D037} = {2520922B-31CA-465D-8F12-7480700DFC42}
		{18A3A09D-8D73-4F2A-B291-FDD3D1CF738D} = {2520922B-31CA-465D-8F12-7480700DFC42}
		{C982C1E2-0A28-4CBC-96A2-586E125E1E5B} = {2520922B-31CA-465D-8F12-7480700DFC42}
		{16E4987C-7B29-47FD-9B93-65F5EDDFC97A} = {2520922B-31CA-465D-8F12-7480700DFC42}
		{B439A3EA-1B8B-481E-9F01-3A4C0413E6A3} = {2520922B-31CA-465D-8F12-7480700DFC42}
		{B91076B1-0734-4F2D-AFEA-5BF10672280C} = {7F793E6F-3969-4F4D-87E6-B71A6E9BFBA7}
		{4E97BB5E-500D-469D-B0B4-24ACE1417061} = {0FFFF3C0-B468-4D53-95C9-C8AB77219B27}
		{CE5DB715-84ED-4939-A872-945E30E20CDF} = {87548CDA-E8B8-47C5-917B-637994026332}
		{CCDA7221-CD6B-4153-B6AD-A591F91DA25E} = {D0F2EF8F-8A54-4347-81A7-D606B7B89EA3}
		{E1005E27-1BD3-4C68-8BE8-B6E3B8F2B8B3} = {87548CDA-E8B8-47C5-917B-637994026332}
		{43A14839-15CF-4809-850E-A3468C8B0B21} = {2520922B-31CA-465D-8F12-7480700DFC42}
		{837FE935-490F-4902-A31E-D44024FBE4AB} = {D4A48AC8-3F3E-4416-8BD6-B43F207F34C9}
	EndGlobalSection
EndGlobal
